// !$*UTF8*$!
{
	archiveVersion = 1;
	classes = {
	};
	objectVersion = 56;
	objects = {

/* Begin PBXBuildFile section */
		127217652C56D8360036D420 /* GroceryAppApp.swift in Sources */ = {isa = PBXBuildFile; fileRef = 127217642C56D8360036D420 /* GroceryAppApp.swift */; };
		127217692C56D8370036D420 /* Assets.xcassets in Resources */ = {isa = PBXBuildFile; fileRef = 127217682C56D8370036D420 /* Assets.xcassets */; };
		1272176C2C56D8370036D420 /* Preview Assets.xcassets in Resources */ = {isa = PBXBuildFile; fileRef = 1272176B2C56D8370036D420 /* Preview Assets.xcassets */; };
		127217732C56D8470036D420 /* GroceryHomeView.swift in Sources */ = {isa = PBXBuildFile; fileRef = 127217722C56D8470036D420 /* GroceryHomeView.swift */; };
		127217752C56DC020036D420 /* GroceryProductDetailView.swift in Sources */ = {isa = PBXBuildFile; fileRef = 127217742C56DC020036D420 /* GroceryProductDetailView.swift */; };
		12D17EAC2C56E4D7001C3978 /* Gilroy-ExtraBoldItalic.ttf in Resources */ = {isa = PBXBuildFile; fileRef = 12D17E982C56E4D6001C3978 /* Gilroy-ExtraBoldItalic.ttf */; };
		12D17EAD2C56E4D7001C3978 /* Gilroy-HeavyItalic.ttf in Resources */ = {isa = PBXBuildFile; fileRef = 12D17E992C56E4D6001C3978 /* Gilroy-HeavyItalic.ttf */; };
		12D17EAE2C56E4D7001C3978 /* Gilroy-Thin.ttf in Resources */ = {isa = PBXBuildFile; fileRef = 12D17E9A2C56E4D6001C3978 /* Gilroy-Thin.ttf */; };
		12D17EAF2C56E4D7001C3978 /* Gilroy-Medium.ttf in Resources */ = {isa = PBXBuildFile; fileRef = 12D17E9B2C56E4D6001C3978 /* Gilroy-Medium.ttf */; };
		12D17EB02C56E4D7001C3978 /* Gilroy-UltraLightItalic.ttf in Resources */ = {isa = PBXBuildFile; fileRef = 12D17E9C2C56E4D6001C3978 /* Gilroy-UltraLightItalic.ttf */; };
		12D17EB12C56E4D7001C3978 /* Gilroy-Light.ttf in Resources */ = {isa = PBXBuildFile; fileRef = 12D17E9D2C56E4D6001C3978 /* Gilroy-Light.ttf */; };
		12D17EB22C56E4D7001C3978 /* Gilroy-ThinItalic.ttf in Resources */ = {isa = PBXBuildFile; fileRef = 12D17E9E2C56E4D6001C3978 /* Gilroy-ThinItalic.ttf */; };
		12D17EB32C56E4D7001C3978 /* Gilroy-RegularItalic.ttf in Resources */ = {isa = PBXBuildFile; fileRef = 12D17E9F2C56E4D6001C3978 /* Gilroy-RegularItalic.ttf */; };
		12D17EB42C56E4D7001C3978 /* Gilroy-SemiBoldItalic.ttf in Resources */ = {isa = PBXBuildFile; fileRef = 12D17EA02C56E4D6001C3978 /* Gilroy-SemiBoldItalic.ttf */; };
		12D17EB52C56E4D7001C3978 /* Gilroy-UltraLight.ttf in Resources */ = {isa = PBXBuildFile; fileRef = 12D17EA12C56E4D6001C3978 /* Gilroy-UltraLight.ttf */; };
		12D17EB62C56E4D7001C3978 /* Gilroy-SemiBold.ttf in Resources */ = {isa = PBXBuildFile; fileRef = 12D17EA22C56E4D6001C3978 /* Gilroy-SemiBold.ttf */; };
		12D17EB72C56E4D7001C3978 /* Gilroy-Black.ttf in Resources */ = {isa = PBXBuildFile; fileRef = 12D17EA32C56E4D6001C3978 /* Gilroy-Black.ttf */; };
		12D17EB82C56E4D7001C3978 /* Gilroy-BoldItalic.ttf in Resources */ = {isa = PBXBuildFile; fileRef = 12D17EA42C56E4D6001C3978 /* Gilroy-BoldItalic.ttf */; };
		12D17EB92C56E4D7001C3978 /* Gilroy-BlackItalic.ttf in Resources */ = {isa = PBXBuildFile; fileRef = 12D17EA52C56E4D6001C3978 /* Gilroy-BlackItalic.ttf */; };
		12D17EBA2C56E4D7001C3978 /* Gilroy-LightItalic.ttf in Resources */ = {isa = PBXBuildFile; fileRef = 12D17EA62C56E4D7001C3978 /* Gilroy-LightItalic.ttf */; };
		12D17EBB2C56E4D7001C3978 /* Gilroy-Regular.ttf in Resources */ = {isa = PBXBuildFile; fileRef = 12D17EA72C56E4D7001C3978 /* Gilroy-Regular.ttf */; };
		12D17EBC2C56E4D7001C3978 /* Gilroy-Heavy.ttf in Resources */ = {isa = PBXBuildFile; fileRef = 12D17EA82C56E4D7001C3978 /* Gilroy-Heavy.ttf */; };
		12D17EBD2C56E4D7001C3978 /* Gilroy-MediumItalic.ttf in Resources */ = {isa = PBXBuildFile; fileRef = 12D17EA92C56E4D7001C3978 /* Gilroy-MediumItalic.ttf */; };
		12D17EBE2C56E4D7001C3978 /* Gilroy-ExtraBold.ttf in Resources */ = {isa = PBXBuildFile; fileRef = 12D17EAA2C56E4D7001C3978 /* Gilroy-ExtraBold.ttf */; };
		12D17EBF2C56E4D7001C3978 /* Gilroy-Bold.ttf in Resources */ = {isa = PBXBuildFile; fileRef = 12D17EAB2C56E4D7001C3978 /* Gilroy-Bold.ttf */; };
		12D17EC32C56E5A1001C3978 /* SearchField.swift in Sources */ = {isa = PBXBuildFile; fileRef = 12D17EC22C56E5A1001C3978 /* SearchField.swift */; };
		12D17EC52C56E5F6001C3978 /* ExploreView.swift in Sources */ = {isa = PBXBuildFile; fileRef = 12D17EC42C56E5F6001C3978 /* ExploreView.swift */; };
		12D17EC72C56E633001C3978 /* CategoryCell.swift in Sources */ = {isa = PBXBuildFile; fileRef = 12D17EC62C56E633001C3978 /* CategoryCell.swift */; };
		12D17EC92C56EC17001C3978 /* TabbarView.swift in Sources */ = {isa = PBXBuildFile; fileRef = 12D17EC82C56EC17001C3978 /* TabbarView.swift */; };
/* End PBXBuildFile section */

/* Begin PBXFileReference section */
		127217612C56D8360036D420 /* GroceryApp.app */ = {isa = PBXFileReference; explicitFileType = wrapper.application; includeInIndex = 0; path = GroceryApp.app; sourceTree = BUILT_PRODUCTS_DIR; };
		127217642C56D8360036D420 /* GroceryAppApp.swift */ = {isa = PBXFileReference; lastKnownFileType = sourcecode.swift; path = GroceryAppApp.swift; sourceTree = "<group>"; };
		127217682C56D8370036D420 /* Assets.xcassets */ = {isa = PBXFileReference; lastKnownFileType = folder.assetcatalog; path = Assets.xcassets; sourceTree = "<group>"; };
		1272176B2C56D8370036D420 /* Preview Assets.xcassets */ = {isa = PBXFileReference; lastKnownFileType = folder.assetcatalog; path = "Preview Assets.xcassets"; sourceTree = "<group>"; };
		127217722C56D8470036D420 /* GroceryHomeView.swift */ = {isa = PBXFileReference; lastKnownFileType = sourcecode.swift; path = GroceryHomeView.swift; sourceTree = "<group>"; };
		127217742C56DC020036D420 /* GroceryProductDetailView.swift */ = {isa = PBXFileReference; lastKnownFileType = sourcecode.swift; path = GroceryProductDetailView.swift; sourceTree = "<group>"; };
		12D17E982C56E4D6001C3978 /* Gilroy-ExtraBoldItalic.ttf */ = {isa = PBXFileReference; lastKnownFileType = file; path = "Gilroy-ExtraBoldItalic.ttf"; sourceTree = "<group>"; };
		12D17E992C56E4D6001C3978 /* Gilroy-HeavyItalic.ttf */ = {isa = PBXFileReference; lastKnownFileType = file; path = "Gilroy-HeavyItalic.ttf"; sourceTree = "<group>"; };
		12D17E9A2C56E4D6001C3978 /* Gilroy-Thin.ttf */ = {isa = PBXFileReference; lastKnownFileType = file; path = "Gilroy-Thin.ttf"; sourceTree = "<group>"; };
		12D17E9B2C56E4D6001C3978 /* Gilroy-Medium.ttf */ = {isa = PBXFileReference; lastKnownFileType = file; path = "Gilroy-Medium.ttf"; sourceTree = "<group>"; };
		12D17E9C2C56E4D6001C3978 /* Gilroy-UltraLightItalic.ttf */ = {isa = PBXFileReference; lastKnownFileType = file; path = "Gilroy-UltraLightItalic.ttf"; sourceTree = "<group>"; };
		12D17E9D2C56E4D6001C3978 /* Gilroy-Light.ttf */ = {isa = PBXFileReference; lastKnownFileType = file; path = "Gilroy-Light.ttf"; sourceTree = "<group>"; };
		12D17E9E2C56E4D6001C3978 /* Gilroy-ThinItalic.ttf */ = {isa = PBXFileReference; lastKnownFileType = file; path = "Gilroy-ThinItalic.ttf"; sourceTree = "<group>"; };
		12D17E9F2C56E4D6001C3978 /* Gilroy-RegularItalic.ttf */ = {isa = PBXFileReference; lastKnownFileType = file; path = "Gilroy-RegularItalic.ttf"; sourceTree = "<group>"; };
		12D17EA02C56E4D6001C3978 /* Gilroy-SemiBoldItalic.ttf */ = {isa = PBXFileReference; lastKnownFileType = file; path = "Gilroy-SemiBoldItalic.ttf"; sourceTree = "<group>"; };
		12D17EA12C56E4D6001C3978 /* Gilroy-UltraLight.ttf */ = {isa = PBXFileReference; lastKnownFileType = file; path = "Gilroy-UltraLight.ttf"; sourceTree = "<group>"; };
		12D17EA22C56E4D6001C3978 /* Gilroy-SemiBold.ttf */ = {isa = PBXFileReference; lastKnownFileType = file; path = "Gilroy-SemiBold.ttf"; sourceTree = "<group>"; };
		12D17EA32C56E4D6001C3978 /* Gilroy-Black.ttf */ = {isa = PBXFileReference; lastKnownFileType = file; path = "Gilroy-Black.ttf"; sourceTree = "<group>"; };
		12D17EA42C56E4D6001C3978 /* Gilroy-BoldItalic.ttf */ = {isa = PBXFileReference; lastKnownFileType = file; path = "Gilroy-BoldItalic.ttf"; sourceTree = "<group>"; };
		12D17EA52C56E4D6001C3978 /* Gilroy-BlackItalic.ttf */ = {isa = PBXFileReference; lastKnownFileType = file; path = "Gilroy-BlackItalic.ttf"; sourceTree = "<group>"; };
		12D17EA62C56E4D7001C3978 /* Gilroy-LightItalic.ttf */ = {isa = PBXFileReference; lastKnownFileType = file; path = "Gilroy-LightItalic.ttf"; sourceTree = "<group>"; };
		12D17EA72C56E4D7001C3978 /* Gilroy-Regular.ttf */ = {isa = PBXFileReference; lastKnownFileType = file; path = "Gilroy-Regular.ttf"; sourceTree = "<group>"; };
		12D17EA82C56E4D7001C3978 /* Gilroy-Heavy.ttf */ = {isa = PBXFileReference; lastKnownFileType = file; path = "Gilroy-Heavy.ttf"; sourceTree = "<group>"; };
		12D17EA92C56E4D7001C3978 /* Gilroy-MediumItalic.ttf */ = {isa = PBXFileReference; lastKnownFileType = file; path = "Gilroy-MediumItalic.ttf"; sourceTree = "<group>"; };
		12D17EAA2C56E4D7001C3978 /* Gilroy-ExtraBold.ttf */ = {isa = PBXFileReference; lastKnownFileType = file; path = "Gilroy-ExtraBold.ttf"; sourceTree = "<group>"; };
		12D17EAB2C56E4D7001C3978 /* Gilroy-Bold.ttf */ = {isa = PBXFileReference; lastKnownFileType = file; path = "Gilroy-Bold.ttf"; sourceTree = "<group>"; };
		12D17EC02C56E4EB001C3978 /* Info.plist */ = {isa = PBXFileReference; lastKnownFileType = text.plist; path = Info.plist; sourceTree = "<group>"; };
		12D17EC22C56E5A1001C3978 /* SearchField.swift */ = {isa = PBXFileReference; lastKnownFileType = sourcecode.swift; path = SearchField.swift; sourceTree = "<group>"; };
		12D17EC42C56E5F6001C3978 /* ExploreView.swift */ = {isa = PBXFileReference; lastKnownFileType = sourcecode.swift; path = ExploreView.swift; sourceTree = "<group>"; };
		12D17EC62C56E633001C3978 /* CategoryCell.swift */ = {isa = PBXFileReference; lastKnownFileType = sourcecode.swift; path = CategoryCell.swift; sourceTree = "<group>"; };
		12D17EC82C56EC17001C3978 /* TabbarView.swift */ = {isa = PBXFileReference; lastKnownFileType = sourcecode.swift; path = TabbarView.swift; sourceTree = "<group>"; };
/* End PBXFileReference section */

/* Begin PBXFrameworksBuildPhase section */
		1272175E2C56D8360036D420 /* Frameworks */ = {
			isa = PBXFrameworksBuildPhase;
			buildActionMask = 2147483647;
			files = (
			);
			runOnlyForDeploymentPostprocessing = 0;
		};
/* End PBXFrameworksBuildPhase section */

/* Begin PBXGroup section */
		127217582C56D8360036D420 = {
			isa = PBXGroup;
			children = (
				127217632C56D8360036D420 /* GroceryApp */,
				127217622C56D8360036D420 /* Products */,
			);
			sourceTree = "<group>";
		};
		127217622C56D8360036D420 /* Products */ = {
			isa = PBXGroup;
			children = (
				127217612C56D8360036D420 /* GroceryApp.app */,
			);
			name = Products;
			sourceTree = "<group>";
		};
		127217632C56D8360036D420 /* GroceryApp */ = {
			isa = PBXGroup;
			children = (
				12D17EC12C56E590001C3978 /* Components */,
				12D17E972C56E4C2001C3978 /* Fonts */,
				127217642C56D8360036D420 /* GroceryAppApp.swift */,
				127217722C56D8470036D420 /* GroceryHomeView.swift */,
				127217742C56DC020036D420 /* GroceryProductDetailView.swift */,
				12D17EC42C56E5F6001C3978 /* ExploreView.swift */,
				127217682C56D8370036D420 /* Assets.xcassets */,
				12D17EC02C56E4EB001C3978 /* Info.plist */,
				1272176A2C56D8370036D420 /* Preview Content */,
			);
			path = GroceryApp;
			sourceTree = "<group>";
		};
		1272176A2C56D8370036D420 /* Preview Content */ = {
			isa = PBXGroup;
			children = (
				1272176B2C56D8370036D420 /* Preview Assets.xcassets */,
			);
			path = "Preview Content";
			sourceTree = "<group>";
		};
		12D17E972C56E4C2001C3978 /* Fonts */ = {
			isa = PBXGroup;
			children = (
				12D17EA32C56E4D6001C3978 /* Gilroy-Black.ttf */,
				12D17EA52C56E4D6001C3978 /* Gilroy-BlackItalic.ttf */,
				12D17EAB2C56E4D7001C3978 /* Gilroy-Bold.ttf */,
				12D17EA42C56E4D6001C3978 /* Gilroy-BoldItalic.ttf */,
				12D17EAA2C56E4D7001C3978 /* Gilroy-ExtraBold.ttf */,
				12D17E982C56E4D6001C3978 /* Gilroy-ExtraBoldItalic.ttf */,
				12D17EA82C56E4D7001C3978 /* Gilroy-Heavy.ttf */,
				12D17E992C56E4D6001C3978 /* Gilroy-HeavyItalic.ttf */,
				12D17E9D2C56E4D6001C3978 /* Gilroy-Light.ttf */,
				12D17EA62C56E4D7001C3978 /* Gilroy-LightItalic.ttf */,
				12D17E9B2C56E4D6001C3978 /* Gilroy-Medium.ttf */,
				12D17EA92C56E4D7001C3978 /* Gilroy-MediumItalic.ttf */,
				12D17EA72C56E4D7001C3978 /* Gilroy-Regular.ttf */,
				12D17E9F2C56E4D6001C3978 /* Gilroy-RegularItalic.ttf */,
				12D17EA22C56E4D6001C3978 /* Gilroy-SemiBold.ttf */,
				12D17EA02C56E4D6001C3978 /* Gilroy-SemiBoldItalic.ttf */,
				12D17E9A2C56E4D6001C3978 /* Gilroy-Thin.ttf */,
				12D17E9E2C56E4D6001C3978 /* Gilroy-ThinItalic.ttf */,
				12D17EA12C56E4D6001C3978 /* Gilroy-UltraLight.ttf */,
				12D17E9C2C56E4D6001C3978 /* Gilroy-UltraLightItalic.ttf */,
			);
			path = Fonts;
			sourceTree = "<group>";
		};
		12D17EC12C56E590001C3978 /* Components */ = {
			isa = PBXGroup;
			children = (
				12D17EC22C56E5A1001C3978 /* SearchField.swift */,
				12D17EC62C56E633001C3978 /* CategoryCell.swift */,
				12D17EC82C56EC17001C3978 /* TabbarView.swift */,
			);
			path = Components;
			sourceTree = "<group>";
		};
/* End PBXGroup section */

/* Begin PBXNativeTarget section */
		127217602C56D8360036D420 /* GroceryApp */ = {
			isa = PBXNativeTarget;
			buildConfigurationList = 1272176F2C56D8370036D420 /* Build configuration list for PBXNativeTarget "GroceryApp" */;
			buildPhases = (
				1272175D2C56D8360036D420 /* Sources */,
				1272175E2C56D8360036D420 /* Frameworks */,
				1272175F2C56D8360036D420 /* Resources */,
			);
			buildRules = (
			);
			dependencies = (
			);
			name = GroceryApp;
			productName = GroceryApp;
			productReference = 127217612C56D8360036D420 /* GroceryApp.app */;
			productType = "com.apple.product-type.application";
		};
/* End PBXNativeTarget section */

/* Begin PBXProject section */
		127217592C56D8360036D420 /* Project object */ = {
			isa = PBXProject;
			attributes = {
				BuildIndependentTargetsInParallel = 1;
				LastSwiftUpdateCheck = 1540;
				LastUpgradeCheck = 1540;
				TargetAttributes = {
					127217602C56D8360036D420 = {
						CreatedOnToolsVersion = 15.4;
					};
				};
			};
			buildConfigurationList = 1272175C2C56D8360036D420 /* Build configuration list for PBXProject "GroceryApp" */;
			compatibilityVersion = "Xcode 14.0";
			developmentRegion = en;
			hasScannedForEncodings = 0;
			knownRegions = (
				en,
				Base,
			);
			mainGroup = 127217582C56D8360036D420;
			productRefGroup = 127217622C56D8360036D420 /* Products */;
			projectDirPath = "";
			projectRoot = "";
			targets = (
				127217602C56D8360036D420 /* GroceryApp */,
			);
		};
/* End PBXProject section */

/* Begin PBXResourcesBuildPhase section */
		1272175F2C56D8360036D420 /* Resources */ = {
			isa = PBXResourcesBuildPhase;
			buildActionMask = 2147483647;
			files = (
				12D17EAD2C56E4D7001C3978 /* Gilroy-HeavyItalic.ttf in Resources */,
				12D17EBB2C56E4D7001C3978 /* Gilroy-Regular.ttf in Resources */,
				12D17EBC2C56E4D7001C3978 /* Gilroy-Heavy.ttf in Resources */,
				12D17EBF2C56E4D7001C3978 /* Gilroy-Bold.ttf in Resources */,
				12D17EBE2C56E4D7001C3978 /* Gilroy-ExtraBold.ttf in Resources */,
				12D17EAF2C56E4D7001C3978 /* Gilroy-Medium.ttf in Resources */,
				1272176C2C56D8370036D420 /* Preview Assets.xcassets in Resources */,
				12D17EBD2C56E4D7001C3978 /* Gilroy-MediumItalic.ttf in Resources */,
				12D17EB32C56E4D7001C3978 /* Gilroy-RegularItalic.ttf in Resources */,
				12D17EB02C56E4D7001C3978 /* Gilroy-UltraLightItalic.ttf in Resources */,
				12D17EB42C56E4D7001C3978 /* Gilroy-SemiBoldItalic.ttf in Resources */,
				127217692C56D8370036D420 /* Assets.xcassets in Resources */,
				12D17EBA2C56E4D7001C3978 /* Gilroy-LightItalic.ttf in Resources */,
				12D17EB22C56E4D7001C3978 /* Gilroy-ThinItalic.ttf in Resources */,
				12D17EB92C56E4D7001C3978 /* Gilroy-BlackItalic.ttf in Resources */,
				12D17EB82C56E4D7001C3978 /* Gilroy-BoldItalic.ttf in Resources */,
				12D17EB52C56E4D7001C3978 /* Gilroy-UltraLight.ttf in Resources */,
				12D17EAE2C56E4D7001C3978 /* Gilroy-Thin.ttf in Resources */,
				12D17EB62C56E4D7001C3978 /* Gilroy-SemiBold.ttf in Resources */,
				12D17EAC2C56E4D7001C3978 /* Gilroy-ExtraBoldItalic.ttf in Resources */,
				12D17EB72C56E4D7001C3978 /* Gilroy-Black.ttf in Resources */,
				12D17EB12C56E4D7001C3978 /* Gilroy-Light.ttf in Resources */,
			);
			runOnlyForDeploymentPostprocessing = 0;
		};
/* End PBXResourcesBuildPhase section */

/* Begin PBXSourcesBuildPhase section */
		1272175D2C56D8360036D420 /* Sources */ = {
			isa = PBXSourcesBuildPhase;
			buildActionMask = 2147483647;
			files = (
				127217652C56D8360036D420 /* GroceryAppApp.swift in Sources */,
				12D17EC92C56EC17001C3978 /* TabbarView.swift in Sources */,
				127217752C56DC020036D420 /* GroceryProductDetailView.swift in Sources */,
				12D17EC32C56E5A1001C3978 /* SearchField.swift in Sources */,
				127217732C56D8470036D420 /* GroceryHomeView.swift in Sources */,
				12D17EC52C56E5F6001C3978 /* ExploreView.swift in Sources */,
				12D17EC72C56E633001C3978 /* CategoryCell.swift in Sources */,
			);
			runOnlyForDeploymentPostprocessing = 0;
		};
/* End PBXSourcesBuildPhase section */

/* Begin XCBuildConfiguration section */
		1272176D2C56D8370036D420 /* Debug */ = {
			isa = XCBuildConfiguration;
			buildSettings = {
				ALWAYS_SEARCH_USER_PATHS = NO;
				ASSETCATALOG_COMPILER_GENERATE_SWIFT_ASSET_SYMBOL_EXTENSIONS = YES;
				CLANG_ANALYZER_NONNULL = YES;
				CLANG_ANALYZER_NUMBER_OBJECT_CONVERSION = YES_AGGRESSIVE;
				CLANG_CXX_LANGUAGE_STANDARD = "gnu++20";
				CLANG_ENABLE_MODULES = YES;
				CLANG_ENABLE_OBJC_ARC = YES;
				CLANG_ENABLE_OBJC_WEAK = YES;
				CLANG_WARN_BLOCK_CAPTURE_AUTORELEASING = YES;
				CLANG_WARN_BOOL_CONVERSION = YES;
				CLANG_WARN_COMMA = YES;
				CLANG_WARN_CONSTANT_CONVERSION = YES;
				CLANG_WARN_DEPRECATED_OBJC_IMPLEMENTATIONS = YES;
				CLANG_WARN_DIRECT_OBJC_ISA_USAGE = YES_ERROR;
				CLANG_WARN_DOCUMENTATION_COMMENTS = YES;
				CLANG_WARN_EMPTY_BODY = YES;
				CLANG_WARN_ENUM_CONVERSION = YES;
				CLANG_WARN_INFINITE_RECURSION = YES;
				CLANG_WARN_INT_CONVERSION = YES;
				CLANG_WARN_NON_LITERAL_NULL_CONVERSION = YES;
				CLANG_WARN_OBJC_IMPLICIT_RETAIN_SELF = YES;
				CLANG_WARN_OBJC_LITERAL_CONVERSION = YES;
				CLANG_WARN_OBJC_ROOT_CLASS = YES_ERROR;
				CLANG_WARN_QUOTED_INCLUDE_IN_FRAMEWORK_HEADER = YES;
				CLANG_WARN_RANGE_LOOP_ANALYSIS = YES;
				CLANG_WARN_STRICT_PROTOTYPES = YES;
				CLANG_WARN_SUSPICIOUS_MOVE = YES;
				CLANG_WARN_UNGUARDED_AVAILABILITY = YES_AGGRESSIVE;
				CLANG_WARN_UNREACHABLE_CODE = YES;
				CLANG_WARN__DUPLICATE_METHOD_MATCH = YES;
				COPY_PHASE_STRIP = NO;
				DEBUG_INFORMATION_FORMAT = dwarf;
				ENABLE_STRICT_OBJC_MSGSEND = YES;
				ENABLE_TESTABILITY = YES;
				ENABLE_USER_SCRIPT_SANDBOXING = YES;
				GCC_C_LANGUAGE_STANDARD = gnu17;
				GCC_DYNAMIC_NO_PIC = NO;
				GCC_NO_COMMON_BLOCKS = YES;
				GCC_OPTIMIZATION_LEVEL = 0;
				GCC_PREPROCESSOR_DEFINITIONS = (
					"DEBUG=1",
					"$(inherited)",
				);
				GCC_WARN_64_TO_32_BIT_CONVERSION = YES;
				GCC_WARN_ABOUT_RETURN_TYPE = YES_ERROR;
				GCC_WARN_UNDECLARED_SELECTOR = YES;
				GCC_WARN_UNINITIALIZED_AUTOS = YES_AGGRESSIVE;
				GCC_WARN_UNUSED_FUNCTION = YES;
				GCC_WARN_UNUSED_VARIABLE = YES;
				IPHONEOS_DEPLOYMENT_TARGET = 17.5;
				LOCALIZATION_PREFERS_STRING_CATALOGS = YES;
				MTL_ENABLE_DEBUG_INFO = INCLUDE_SOURCE;
				MTL_FAST_MATH = YES;
				ONLY_ACTIVE_ARCH = YES;
				SDKROOT = iphoneos;
				SWIFT_ACTIVE_COMPILATION_CONDITIONS = "DEBUG $(inherited)";
				SWIFT_OPTIMIZATION_LEVEL = "-Onone";
			};
			name = Debug;
		};
		1272176E2C56D8370036D420 /* Release */ = {
			isa = XCBuildConfiguration;
			buildSettings = {
				ALWAYS_SEARCH_USER_PATHS = NO;
				ASSETCATALOG_COMPILER_GENERATE_SWIFT_ASSET_SYMBOL_EXTENSIONS = YES;
				CLANG_ANALYZER_NONNULL = YES;
				CLANG_ANALYZER_NUMBER_OBJECT_CONVERSION = YES_AGGRESSIVE;
				CLANG_CXX_LANGUAGE_STANDARD = "gnu++20";
				CLANG_ENABLE_MODULES = YES;
				CLANG_ENABLE_OBJC_ARC = YES;
				CLANG_ENABLE_OBJC_WEAK = YES;
				CLANG_WARN_BLOCK_CAPTURE_AUTORELEASING = YES;
				CLANG_WARN_BOOL_CONVERSION = YES;
				CLANG_WARN_COMMA = YES;
				CLANG_WARN_CONSTANT_CONVERSION = YES;
				CLANG_WARN_DEPRECATED_OBJC_IMPLEMENTATIONS = YES;
				CLANG_WARN_DIRECT_OBJC_ISA_USAGE = YES_ERROR;
				CLANG_WARN_DOCUMENTATION_COMMENTS = YES;
				CLANG_WARN_EMPTY_BODY = YES;
				CLANG_WARN_ENUM_CONVERSION = YES;
				CLANG_WARN_INFINITE_RECURSION = YES;
				CLANG_WARN_INT_CONVERSION = YES;
				CLANG_WARN_NON_LITERAL_NULL_CONVERSION = YES;
				CLANG_WARN_OBJC_IMPLICIT_RETAIN_SELF = YES;
				CLANG_WARN_OBJC_LITERAL_CONVERSION = YES;
				CLANG_WARN_OBJC_ROOT_CLASS = YES_ERROR;
				CLANG_WARN_QUOTED_INCLUDE_IN_FRAMEWORK_HEADER = YES;
				CLANG_WARN_RANGE_LOOP_ANALYSIS = YES;
				CLANG_WARN_STRICT_PROTOTYPES = YES;
				CLANG_WARN_SUSPICIOUS_MOVE = YES;
				CLANG_WARN_UNGUARDED_AVAILABILITY = YES_AGGRESSIVE;
				CLANG_WARN_UNREACHABLE_CODE = YES;
				CLANG_WARN__DUPLICATE_METHOD_MATCH = YES;
				COPY_PHASE_STRIP = NO;
				DEBUG_INFORMATION_FORMAT = "dwarf-with-dsym";
				ENABLE_NS_ASSERTIONS = NO;
				ENABLE_STRICT_OBJC_MSGSEND = YES;
				ENABLE_USER_SCRIPT_SANDBOXING = YES;
				GCC_C_LANGUAGE_STANDARD = gnu17;
				GCC_NO_COMMON_BLOCKS = YES;
				GCC_WARN_64_TO_32_BIT_CONVERSION = YES;
				GCC_WARN_ABOUT_RETURN_TYPE = YES_ERROR;
				GCC_WARN_UNDECLARED_SELECTOR = YES;
				GCC_WARN_UNINITIALIZED_AUTOS = YES_AGGRESSIVE;
				GCC_WARN_UNUSED_FUNCTION = YES;
				GCC_WARN_UNUSED_VARIABLE = YES;
				IPHONEOS_DEPLOYMENT_TARGET = 17.5;
				LOCALIZATION_PREFERS_STRING_CATALOGS = YES;
				MTL_ENABLE_DEBUG_INFO = NO;
				MTL_FAST_MATH = YES;
				SDKROOT = iphoneos;
				SWIFT_COMPILATION_MODE = wholemodule;
				VALIDATE_PRODUCT = YES;
			};
			name = Release;
		};
		127217702C56D8370036D420 /* Debug */ = {
			isa = XCBuildConfiguration;
			buildSettings = {
				ASSETCATALOG_COMPILER_APPICON_NAME = AppIcon;
				ASSETCATALOG_COMPILER_GLOBAL_ACCENT_COLOR_NAME = AccentColor;
				CODE_SIGN_STYLE = Automatic;
				CURRENT_PROJECT_VERSION = 1;
				DEVELOPMENT_ASSET_PATHS = "\"GroceryApp/Preview Content\"";
				DEVELOPMENT_TEAM = K97JL7U478;
				ENABLE_PREVIEWS = YES;
				GENERATE_INFOPLIST_FILE = YES;
				INFOPLIST_FILE = GroceryApp/Info.plist;
				INFOPLIST_KEY_UIApplicationSceneManifest_Generation = YES;
				INFOPLIST_KEY_UIApplicationSupportsIndirectInputEvents = YES;
				INFOPLIST_KEY_UILaunchScreen_Generation = YES;
				INFOPLIST_KEY_UISupportedInterfaceOrientations_iPad = "UIInterfaceOrientationPortrait UIInterfaceOrientationPortraitUpsideDown UIInterfaceOrientationLandscapeLeft UIInterfaceOrientationLandscapeRight";
				INFOPLIST_KEY_UISupportedInterfaceOrientations_iPhone = "UIInterfaceOrientationPortrait UIInterfaceOrientationLandscapeLeft UIInterfaceOrientationLandscapeRight";
				LD_RUNPATH_SEARCH_PATHS = (
					"$(inherited)",
					"@executable_path/Frameworks",
				);
				MARKETING_VERSION = 1.0;
				PRODUCT_BUNDLE_IDENTIFIER = oguzhanbolat.GroceryApp;
				PRODUCT_NAME = "$(TARGET_NAME)";
				SWIFT_EMIT_LOC_STRINGS = YES;
				SWIFT_VERSION = 5.0;
				TARGETED_DEVICE_FAMILY = "1,2";
			};
			name = Debug;
		};
		127217712C56D8370036D420 /* Release */ = {
			isa = XCBuildConfiguration;
			buildSettings = {
				ASSETCATALOG_COMPILER_APPICON_NAME = AppIcon;
				ASSETCATALOG_COMPILER_GLOBAL_ACCENT_COLOR_NAME = AccentColor;
				CODE_SIGN_STYLE = Automatic;
				CURRENT_PROJECT_VERSION = 1;
				DEVELOPMENT_ASSET_PATHS = "\"GroceryApp/Preview Content\"";
				DEVELOPMENT_TEAM = K97JL7U478;
				ENABLE_PREVIEWS = YES;
				GENERATE_INFOPLIST_FILE = YES;
				INFOPLIST_FILE = GroceryApp/Info.plist;
				INFOPLIST_KEY_UIApplicationSceneManifest_Generation = YES;
				INFOPLIST_KEY_UIApplicationSupportsIndirectInputEvents = YES;
				INFOPLIST_KEY_UILaunchScreen_Generation = YES;
				INFOPLIST_KEY_UISupportedInterfaceOrientations_iPad = "UIInterfaceOrientationPortrait UIInterfaceOrientationPortraitUpsideDown UIInterfaceOrientationLandscapeLeft UIInterfaceOrientationLandscapeRight";
				INFOPLIST_KEY_UISupportedInterfaceOrientations_iPhone = "UIInterfaceOrientationPortrait UIInterfaceOrientationLandscapeLeft UIInterfaceOrientationLandscapeRight";
				LD_RUNPATH_SEARCH_PATHS = (
					"$(inherited)",
					"@executable_path/Frameworks",
				);
				MARKETING_VERSION = 1.0;
				PRODUCT_BUNDLE_IDENTIFIER = oguzhanbolat.GroceryApp;
				PRODUCT_NAME = "$(TARGET_NAME)";
				SWIFT_EMIT_LOC_STRINGS = YES;
				SWIFT_VERSION = 5.0;
				TARGETED_DEVICE_FAMILY = "1,2";
			};
			name = Release;
		};
/* End XCBuildConfiguration section */

/* Begin XCConfigurationList section */
		1272175C2C56D8360036D420 /* Build configuration list for PBXProject "GroceryApp" */ = {
			isa = XCConfigurationList;
			buildConfigurations = (
				1272176D2C56D8370036D420 /* Debug */,
				1272176E2C56D8370036D420 /* Release */,
			);
			defaultConfigurationIsVisible = 0;
			defaultConfigurationName = Release;
		};
		1272176F2C56D8370036D420 /* Build configuration list for PBXNativeTarget "GroceryApp" */ = {
			isa = XCConfigurationList;
			buildConfigurations = (
				127217702C56D8370036D420 /* Debug */,
				127217712C56D8370036D420 /* Release */,
			);
			defaultConfigurationIsVisible = 0;
			defaultConfigurationName = Release;
		};
/* End XCConfigurationList section */
	};
	rootObject = 127217592C56D8360036D420 /* Project object */;
}
