// !$*UTF8*$!
{
	archiveVersion = 1;
	classes = {
	};
	objectVersion = 56;
	objects = {

/* Begin PBXBuildFile section */
		1230D1862C5D1C79000D33B0 /* SplashView.swift in Sources */ = {isa = PBXBuildFile; fileRef = 1230D1852C5D1C79000D33B0 /* SplashView.swift */; };
		1230D1882C5D33E4000D33B0 /* LoginView.swift in Sources */ = {isa = PBXBuildFile; fileRef = 1230D1872C5D33E4000D33B0 /* LoginView.swift */; };
		1230D18A2C5D3E05000D33B0 /* GroceryButton.swift in Sources */ = {isa = PBXBuildFile; fileRef = 1230D1892C5D3E05000D33B0 /* GroceryButton.swift */; };
		1230D1922C5D5C80000D33B0 /* SignupView.swift in Sources */ = {isa = PBXBuildFile; fileRef = 1230D1912C5D5C80000D33B0 /* SignupView.swift */; };
		1236C2CE2C5789FA00226525 /* SectionHeaderView.swift in Sources */ = {isa = PBXBuildFile; fileRef = 1236C2CD2C5789FA00226525 /* SectionHeaderView.swift */; };
		1236C2D12C578A4400226525 /* GroceryProducts.swift in Sources */ = {isa = PBXBuildFile; fileRef = 1236C2D02C578A4400226525 /* GroceryProducts.swift */; };
		1236C2D32C578A6500226525 /* CarouselView.swift in Sources */ = {isa = PBXBuildFile; fileRef = 1236C2D22C578A6500226525 /* CarouselView.swift */; };
		1236C2D52C578F2600226525 /* ProductCardView.swift in Sources */ = {isa = PBXBuildFile; fileRef = 1236C2D42C578F2600226525 /* ProductCardView.swift */; };
		1236C2D92C579E2A00226525 /* GoogleService-Info.plist in Resources */ = {isa = PBXBuildFile; fileRef = 1236C2D82C579E2A00226525 /* GoogleService-Info.plist */; };
		1236C2DD2C57A05C00226525 /* FirebaseAnalytics in Frameworks */ = {isa = PBXBuildFile; productRef = 1236C2DC2C57A05C00226525 /* FirebaseAnalytics */; };
		1236C2DF2C57A05C00226525 /* FirebaseAnalyticsOnDeviceConversion in Frameworks */ = {isa = PBXBuildFile; productRef = 1236C2DE2C57A05C00226525 /* FirebaseAnalyticsOnDeviceConversion */; };
		1236C2E12C57A05C00226525 /* FirebaseAnalyticsSwift in Frameworks */ = {isa = PBXBuildFile; productRef = 1236C2E02C57A05C00226525 /* FirebaseAnalyticsSwift */; };
		1236C2E32C57A05C00226525 /* FirebaseAnalyticsWithoutAdIdSupport in Frameworks */ = {isa = PBXBuildFile; productRef = 1236C2E22C57A05C00226525 /* FirebaseAnalyticsWithoutAdIdSupport */; };
		1236C2E92C57A05C00226525 /* FirebaseAuth in Frameworks */ = {isa = PBXBuildFile; productRef = 1236C2E82C57A05C00226525 /* FirebaseAuth */; };
		1236C2EB2C57A05C00226525 /* FirebaseAuthCombine-Community in Frameworks */ = {isa = PBXBuildFile; productRef = 1236C2EA2C57A05C00226525 /* FirebaseAuthCombine-Community */; };
		1236C2ED2C57A05C00226525 /* FirebaseCrashlytics in Frameworks */ = {isa = PBXBuildFile; productRef = 1236C2EC2C57A05C00226525 /* FirebaseCrashlytics */; };
		1236C2EF2C57A05C00226525 /* FirebaseDatabase in Frameworks */ = {isa = PBXBuildFile; productRef = 1236C2EE2C57A05C00226525 /* FirebaseDatabase */; };
		1236C2F12C57A05C00226525 /* FirebaseDatabaseSwift in Frameworks */ = {isa = PBXBuildFile; productRef = 1236C2F02C57A05C00226525 /* FirebaseDatabaseSwift */; };
		1236C2F32C57A05C00226525 /* FirebaseDynamicLinks in Frameworks */ = {isa = PBXBuildFile; productRef = 1236C2F22C57A05C00226525 /* FirebaseDynamicLinks */; };
		1236C2F52C57A05C00226525 /* FirebaseFirestore in Frameworks */ = {isa = PBXBuildFile; productRef = 1236C2F42C57A05C00226525 /* FirebaseFirestore */; };
		1236C2F72C57A05C00226525 /* FirebaseFirestoreCombine-Community in Frameworks */ = {isa = PBXBuildFile; productRef = 1236C2F62C57A05C00226525 /* FirebaseFirestoreCombine-Community */; };
		1236C2F92C57A05C00226525 /* FirebaseFirestoreSwift in Frameworks */ = {isa = PBXBuildFile; productRef = 1236C2F82C57A05C00226525 /* FirebaseFirestoreSwift */; };
		1236C2FB2C57A05C00226525 /* FirebaseFunctions in Frameworks */ = {isa = PBXBuildFile; productRef = 1236C2FA2C57A05C00226525 /* FirebaseFunctions */; };
		1236C2FD2C57A05C00226525 /* FirebaseFunctionsCombine-Community in Frameworks */ = {isa = PBXBuildFile; productRef = 1236C2FC2C57A05C00226525 /* FirebaseFunctionsCombine-Community */; };
		1236C3032C57A05C00226525 /* FirebaseInstallations in Frameworks */ = {isa = PBXBuildFile; productRef = 1236C3022C57A05C00226525 /* FirebaseInstallations */; };
		1236C3092C57A05C00226525 /* FirebasePerformance in Frameworks */ = {isa = PBXBuildFile; productRef = 1236C3082C57A05C00226525 /* FirebasePerformance */; };
		1236C30B2C57A05C00226525 /* FirebaseRemoteConfig in Frameworks */ = {isa = PBXBuildFile; productRef = 1236C30A2C57A05C00226525 /* FirebaseRemoteConfig */; };
		1236C30D2C57A05C00226525 /* FirebaseRemoteConfigSwift in Frameworks */ = {isa = PBXBuildFile; productRef = 1236C30C2C57A05C00226525 /* FirebaseRemoteConfigSwift */; };
		1236C30F2C57A05C00226525 /* FirebaseStorage in Frameworks */ = {isa = PBXBuildFile; productRef = 1236C30E2C57A05C00226525 /* FirebaseStorage */; };
		1236C3112C57A05C00226525 /* FirebaseStorageCombine-Community in Frameworks */ = {isa = PBXBuildFile; productRef = 1236C3102C57A05C00226525 /* FirebaseStorageCombine-Community */; };
		1236C3172C57A75000226525 /* GroceryDataManager.swift in Sources */ = {isa = PBXBuildFile; fileRef = 1236C3162C57A75000226525 /* GroceryDataManager.swift */; };
		1236C31A2C57D91100226525 /* FetchImageHelper.swift in Sources */ = {isa = PBXBuildFile; fileRef = 1236C3192C57D91100226525 /* FetchImageHelper.swift */; };
		1236C3242C58011E00226525 /* CustomTabView.swift in Sources */ = {isa = PBXBuildFile; fileRef = 1236C3232C58011E00226525 /* CustomTabView.swift */; };
		1236C3292C5846C700226525 /* GroceryCategoryDetailView.swift in Sources */ = {isa = PBXBuildFile; fileRef = 1236C3282C5846C700226525 /* GroceryCategoryDetailView.swift */; };
		12433ACD2C5D74B300E49ED4 /* GroceryAuthManager.swift in Sources */ = {isa = PBXBuildFile; fileRef = 12433ACC2C5D74B300E49ED4 /* GroceryAuthManager.swift */; };
		12433ACF2C5DA3BB00E49ED4 /* CreditCard.swift in Sources */ = {isa = PBXBuildFile; fileRef = 12433ACE2C5DA3BB00E49ED4 /* CreditCard.swift */; };
		12433AD12C5DA3FD00E49ED4 /* DeliveryAddress.swift in Sources */ = {isa = PBXBuildFile; fileRef = 12433AD02C5DA3FD00E49ED4 /* DeliveryAddress.swift */; };
		1250E8512C5BEC8200F23B64 /* CheckoutView.swift in Sources */ = {isa = PBXBuildFile; fileRef = 1250E8502C5BEC8200F23B64 /* CheckoutView.swift */; };
		1250E8532C5C158C00F23B64 /* DeliveryAddressView.swift in Sources */ = {isa = PBXBuildFile; fileRef = 1250E8522C5C158C00F23B64 /* DeliveryAddressView.swift */; };
		1250E8552C5C2BCC00F23B64 /* PaymentCardView.swift in Sources */ = {isa = PBXBuildFile; fileRef = 1250E8542C5C2BCC00F23B64 /* PaymentCardView.swift */; };
		127217652C56D8360036D420 /* GroceryApp.swift in Sources */ = {isa = PBXBuildFile; fileRef = 127217642C56D8360036D420 /* GroceryApp.swift */; };
		127217692C56D8370036D420 /* Assets.xcassets in Resources */ = {isa = PBXBuildFile; fileRef = 127217682C56D8370036D420 /* Assets.xcassets */; };
		1272176C2C56D8370036D420 /* Preview Assets.xcassets in Resources */ = {isa = PBXBuildFile; fileRef = 1272176B2C56D8370036D420 /* Preview Assets.xcassets */; };
		127217732C56D8470036D420 /* GroceryHomeView.swift in Sources */ = {isa = PBXBuildFile; fileRef = 127217722C56D8470036D420 /* GroceryHomeView.swift */; };
		127217752C56DC020036D420 /* GroceryProductDetailView.swift in Sources */ = {isa = PBXBuildFile; fileRef = 127217742C56DC020036D420 /* GroceryProductDetailView.swift */; };
		129797262C5AAB9F0061EC92 /* CustomBackButton.swift in Sources */ = {isa = PBXBuildFile; fileRef = 129797252C5AAB9F0061EC92 /* CustomBackButton.swift */; };
		12A37D902C5E988100EAF1C3 /* PaymentModule.swift in Sources */ = {isa = PBXBuildFile; fileRef = 12A37D8F2C5E988100EAF1C3 /* PaymentModule.swift */; };
		12A37D932C5EEB4F00EAF1C3 /* Extension+String+Date.swift in Sources */ = {isa = PBXBuildFile; fileRef = 12A37D922C5EEB4F00EAF1C3 /* Extension+String+Date.swift */; };
		12B1ABB92C5F93B000F3262D /* OTPInputView.swift in Sources */ = {isa = PBXBuildFile; fileRef = 12B1ABB82C5F93B000F3262D /* OTPInputView.swift */; };
		12B1ABBB2C5FB05600F3262D /* OrderAcceptedView.swift in Sources */ = {isa = PBXBuildFile; fileRef = 12B1ABBA2C5FB05600F3262D /* OrderAcceptedView.swift */; };
		12B1ABC32C5FE63500F3262D /* Order.swift in Sources */ = {isa = PBXBuildFile; fileRef = 12B1ABC22C5FE63500F3262D /* Order.swift */; };
		12B1ABC52C5FE69800F3262D /* OrderHistoryView.swift in Sources */ = {isa = PBXBuildFile; fileRef = 12B1ABC42C5FE69800F3262D /* OrderHistoryView.swift */; };
		12B1E8112C58D4B900E24323 /* CartItemView.swift in Sources */ = {isa = PBXBuildFile; fileRef = 12B1E8102C58D4B900E24323 /* CartItemView.swift */; };
		12B1E8132C58F3CC00E24323 /* ItemCounter.swift in Sources */ = {isa = PBXBuildFile; fileRef = 12B1E8122C58F3CC00E24323 /* ItemCounter.swift */; };
		12B1E81D2C59392700E24323 /* GroceryCartView.swift in Sources */ = {isa = PBXBuildFile; fileRef = 12B1E81C2C59392700E24323 /* GroceryCartView.swift */; };
		12B1E81F2C59994500E24323 /* EmptyCardView.swift in Sources */ = {isa = PBXBuildFile; fileRef = 12B1E81E2C59994500E24323 /* EmptyCardView.swift */; };
		12D17EAC2C56E4D7001C3978 /* Gilroy-ExtraBoldItalic.ttf in Resources */ = {isa = PBXBuildFile; fileRef = 12D17E982C56E4D6001C3978 /* Gilroy-ExtraBoldItalic.ttf */; };
		12D17EAD2C56E4D7001C3978 /* Gilroy-HeavyItalic.ttf in Resources */ = {isa = PBXBuildFile; fileRef = 12D17E992C56E4D6001C3978 /* Gilroy-HeavyItalic.ttf */; };
		12D17EAE2C56E4D7001C3978 /* Gilroy-Thin.ttf in Resources */ = {isa = PBXBuildFile; fileRef = 12D17E9A2C56E4D6001C3978 /* Gilroy-Thin.ttf */; };
		12D17EAF2C56E4D7001C3978 /* Gilroy-Medium.ttf in Resources */ = {isa = PBXBuildFile; fileRef = 12D17E9B2C56E4D6001C3978 /* Gilroy-Medium.ttf */; };
		12D17EB02C56E4D7001C3978 /* Gilroy-UltraLightItalic.ttf in Resources */ = {isa = PBXBuildFile; fileRef = 12D17E9C2C56E4D6001C3978 /* Gilroy-UltraLightItalic.ttf */; };
		12D17EB12C56E4D7001C3978 /* Gilroy-Light.ttf in Resources */ = {isa = PBXBuildFile; fileRef = 12D17E9D2C56E4D6001C3978 /* Gilroy-Light.ttf */; };
		12D17EB22C56E4D7001C3978 /* Gilroy-ThinItalic.ttf in Resources */ = {isa = PBXBuildFile; fileRef = 12D17E9E2C56E4D6001C3978 /* Gilroy-ThinItalic.ttf */; };
		12D17EB32C56E4D7001C3978 /* Gilroy-RegularItalic.ttf in Resources */ = {isa = PBXBuildFile; fileRef = 12D17E9F2C56E4D6001C3978 /* Gilroy-RegularItalic.ttf */; };
		12D17EB42C56E4D7001C3978 /* Gilroy-SemiBoldItalic.ttf in Resources */ = {isa = PBXBuildFile; fileRef = 12D17EA02C56E4D6001C3978 /* Gilroy-SemiBoldItalic.ttf */; };
		12D17EB52C56E4D7001C3978 /* Gilroy-UltraLight.ttf in Resources */ = {isa = PBXBuildFile; fileRef = 12D17EA12C56E4D6001C3978 /* Gilroy-UltraLight.ttf */; };
		12D17EB62C56E4D7001C3978 /* Gilroy-SemiBold.ttf in Resources */ = {isa = PBXBuildFile; fileRef = 12D17EA22C56E4D6001C3978 /* Gilroy-SemiBold.ttf */; };
		12D17EB72C56E4D7001C3978 /* Gilroy-Black.ttf in Resources */ = {isa = PBXBuildFile; fileRef = 12D17EA32C56E4D6001C3978 /* Gilroy-Black.ttf */; };
		12D17EB82C56E4D7001C3978 /* Gilroy-BoldItalic.ttf in Resources */ = {isa = PBXBuildFile; fileRef = 12D17EA42C56E4D6001C3978 /* Gilroy-BoldItalic.ttf */; };
		12D17EB92C56E4D7001C3978 /* Gilroy-BlackItalic.ttf in Resources */ = {isa = PBXBuildFile; fileRef = 12D17EA52C56E4D6001C3978 /* Gilroy-BlackItalic.ttf */; };
		12D17EBA2C56E4D7001C3978 /* Gilroy-LightItalic.ttf in Resources */ = {isa = PBXBuildFile; fileRef = 12D17EA62C56E4D7001C3978 /* Gilroy-LightItalic.ttf */; };
		12D17EBB2C56E4D7001C3978 /* Gilroy-Regular.ttf in Resources */ = {isa = PBXBuildFile; fileRef = 12D17EA72C56E4D7001C3978 /* Gilroy-Regular.ttf */; };
		12D17EBC2C56E4D7001C3978 /* Gilroy-Heavy.ttf in Resources */ = {isa = PBXBuildFile; fileRef = 12D17EA82C56E4D7001C3978 /* Gilroy-Heavy.ttf */; };
		12D17EBD2C56E4D7001C3978 /* Gilroy-MediumItalic.ttf in Resources */ = {isa = PBXBuildFile; fileRef = 12D17EA92C56E4D7001C3978 /* Gilroy-MediumItalic.ttf */; };
		12D17EBE2C56E4D7001C3978 /* Gilroy-ExtraBold.ttf in Resources */ = {isa = PBXBuildFile; fileRef = 12D17EAA2C56E4D7001C3978 /* Gilroy-ExtraBold.ttf */; };
		12D17EBF2C56E4D7001C3978 /* Gilroy-Bold.ttf in Resources */ = {isa = PBXBuildFile; fileRef = 12D17EAB2C56E4D7001C3978 /* Gilroy-Bold.ttf */; };
		12D17EC32C56E5A1001C3978 /* SearchField.swift in Sources */ = {isa = PBXBuildFile; fileRef = 12D17EC22C56E5A1001C3978 /* SearchField.swift */; };
		12D17EC52C56E5F6001C3978 /* ExploreView.swift in Sources */ = {isa = PBXBuildFile; fileRef = 12D17EC42C56E5F6001C3978 /* ExploreView.swift */; };
		12D17EC72C56E633001C3978 /* CategoryCell.swift in Sources */ = {isa = PBXBuildFile; fileRef = 12D17EC62C56E633001C3978 /* CategoryCell.swift */; };
/* End PBXBuildFile section */

/* Begin PBXFileReference section */
		1230D1852C5D1C79000D33B0 /* SplashView.swift */ = {isa = PBXFileReference; lastKnownFileType = sourcecode.swift; path = SplashView.swift; sourceTree = "<group>"; };
		1230D1872C5D33E4000D33B0 /* LoginView.swift */ = {isa = PBXFileReference; lastKnownFileType = sourcecode.swift; path = LoginView.swift; sourceTree = "<group>"; };
		1230D1892C5D3E05000D33B0 /* GroceryButton.swift */ = {isa = PBXFileReference; lastKnownFileType = sourcecode.swift; path = GroceryButton.swift; sourceTree = "<group>"; };
		1230D1912C5D5C80000D33B0 /* SignupView.swift */ = {isa = PBXFileReference; lastKnownFileType = sourcecode.swift; path = SignupView.swift; sourceTree = "<group>"; };
		1236C2CD2C5789FA00226525 /* SectionHeaderView.swift */ = {isa = PBXFileReference; lastKnownFileType = sourcecode.swift; path = SectionHeaderView.swift; sourceTree = "<group>"; };
		1236C2D02C578A4400226525 /* GroceryProducts.swift */ = {isa = PBXFileReference; lastKnownFileType = sourcecode.swift; path = GroceryProducts.swift; sourceTree = "<group>"; };
		1236C2D22C578A6500226525 /* CarouselView.swift */ = {isa = PBXFileReference; lastKnownFileType = sourcecode.swift; path = CarouselView.swift; sourceTree = "<group>"; };
		1236C2D42C578F2600226525 /* ProductCardView.swift */ = {isa = PBXFileReference; lastKnownFileType = sourcecode.swift; path = ProductCardView.swift; sourceTree = "<group>"; };
		1236C2D82C579E2A00226525 /* GoogleService-Info.plist */ = {isa = PBXFileReference; fileEncoding = 4; lastKnownFileType = text.plist.xml; path = "GoogleService-Info.plist"; sourceTree = "<group>"; };
		1236C3162C57A75000226525 /* GroceryDataManager.swift */ = {isa = PBXFileReference; lastKnownFileType = sourcecode.swift; path = GroceryDataManager.swift; sourceTree = "<group>"; };
		1236C3192C57D91100226525 /* FetchImageHelper.swift */ = {isa = PBXFileReference; lastKnownFileType = sourcecode.swift; path = FetchImageHelper.swift; sourceTree = "<group>"; };
		1236C3232C58011E00226525 /* CustomTabView.swift */ = {isa = PBXFileReference; lastKnownFileType = sourcecode.swift; path = CustomTabView.swift; sourceTree = "<group>"; };
		1236C3282C5846C700226525 /* GroceryCategoryDetailView.swift */ = {isa = PBXFileReference; lastKnownFileType = sourcecode.swift; path = GroceryCategoryDetailView.swift; sourceTree = "<group>"; };
		12433ACC2C5D74B300E49ED4 /* GroceryAuthManager.swift */ = {isa = PBXFileReference; lastKnownFileType = sourcecode.swift; path = GroceryAuthManager.swift; sourceTree = "<group>"; };
		12433ACE2C5DA3BB00E49ED4 /* CreditCard.swift */ = {isa = PBXFileReference; lastKnownFileType = sourcecode.swift; path = CreditCard.swift; sourceTree = "<group>"; };
		12433AD02C5DA3FD00E49ED4 /* DeliveryAddress.swift */ = {isa = PBXFileReference; lastKnownFileType = sourcecode.swift; path = DeliveryAddress.swift; sourceTree = "<group>"; };
		1250E8502C5BEC8200F23B64 /* CheckoutView.swift */ = {isa = PBXFileReference; lastKnownFileType = sourcecode.swift; path = CheckoutView.swift; sourceTree = "<group>"; };
		1250E8522C5C158C00F23B64 /* DeliveryAddressView.swift */ = {isa = PBXFileReference; lastKnownFileType = sourcecode.swift; path = DeliveryAddressView.swift; sourceTree = "<group>"; };
		1250E8542C5C2BCC00F23B64 /* PaymentCardView.swift */ = {isa = PBXFileReference; lastKnownFileType = sourcecode.swift; path = PaymentCardView.swift; sourceTree = "<group>"; };
		127217612C56D8360036D420 /* GroceryApp.app */ = {isa = PBXFileReference; explicitFileType = wrapper.application; includeInIndex = 0; path = GroceryApp.app; sourceTree = BUILT_PRODUCTS_DIR; };
		127217642C56D8360036D420 /* GroceryApp.swift */ = {isa = PBXFileReference; lastKnownFileType = sourcecode.swift; path = GroceryApp.swift; sourceTree = "<group>"; };
		127217682C56D8370036D420 /* Assets.xcassets */ = {isa = PBXFileReference; lastKnownFileType = folder.assetcatalog; path = Assets.xcassets; sourceTree = "<group>"; };
		1272176B2C56D8370036D420 /* Preview Assets.xcassets */ = {isa = PBXFileReference; lastKnownFileType = folder.assetcatalog; path = "Preview Assets.xcassets"; sourceTree = "<group>"; };
		127217722C56D8470036D420 /* GroceryHomeView.swift */ = {isa = PBXFileReference; lastKnownFileType = sourcecode.swift; path = GroceryHomeView.swift; sourceTree = "<group>"; };
		127217742C56DC020036D420 /* GroceryProductDetailView.swift */ = {isa = PBXFileReference; lastKnownFileType = sourcecode.swift; path = GroceryProductDetailView.swift; sourceTree = "<group>"; };
		129797252C5AAB9F0061EC92 /* CustomBackButton.swift */ = {isa = PBXFileReference; lastKnownFileType = sourcecode.swift; path = CustomBackButton.swift; sourceTree = "<group>"; };
		12A37D8F2C5E988100EAF1C3 /* PaymentModule.swift */ = {isa = PBXFileReference; lastKnownFileType = sourcecode.swift; path = PaymentModule.swift; sourceTree = "<group>"; };
		12A37D922C5EEB4F00EAF1C3 /* Extension+String+Date.swift */ = {isa = PBXFileReference; lastKnownFileType = sourcecode.swift; path = "Extension+String+Date.swift"; sourceTree = "<group>"; };
		12B1ABB82C5F93B000F3262D /* OTPInputView.swift */ = {isa = PBXFileReference; lastKnownFileType = sourcecode.swift; path = OTPInputView.swift; sourceTree = "<group>"; };
		12B1ABBA2C5FB05600F3262D /* OrderAcceptedView.swift */ = {isa = PBXFileReference; lastKnownFileType = sourcecode.swift; path = OrderAcceptedView.swift; sourceTree = "<group>"; };
		12B1ABC22C5FE63500F3262D /* Order.swift */ = {isa = PBXFileReference; lastKnownFileType = sourcecode.swift; path = Order.swift; sourceTree = "<group>"; };
		12B1ABC42C5FE69800F3262D /* OrderHistoryView.swift */ = {isa = PBXFileReference; lastKnownFileType = sourcecode.swift; path = OrderHistoryView.swift; sourceTree = "<group>"; };
		12B1E8102C58D4B900E24323 /* CartItemView.swift */ = {isa = PBXFileReference; lastKnownFileType = sourcecode.swift; path = CartItemView.swift; sourceTree = "<group>"; };
		12B1E8122C58F3CC00E24323 /* ItemCounter.swift */ = {isa = PBXFileReference; lastKnownFileType = sourcecode.swift; path = ItemCounter.swift; sourceTree = "<group>"; };
		12B1E81C2C59392700E24323 /* GroceryCartView.swift */ = {isa = PBXFileReference; lastKnownFileType = sourcecode.swift; path = GroceryCartView.swift; sourceTree = "<group>"; };
		12B1E81E2C59994500E24323 /* EmptyCardView.swift */ = {isa = PBXFileReference; lastKnownFileType = sourcecode.swift; path = EmptyCardView.swift; sourceTree = "<group>"; };
		12D17E982C56E4D6001C3978 /* Gilroy-ExtraBoldItalic.ttf */ = {isa = PBXFileReference; lastKnownFileType = file; path = "Gilroy-ExtraBoldItalic.ttf"; sourceTree = "<group>"; };
		12D17E992C56E4D6001C3978 /* Gilroy-HeavyItalic.ttf */ = {isa = PBXFileReference; lastKnownFileType = file; path = "Gilroy-HeavyItalic.ttf"; sourceTree = "<group>"; };
		12D17E9A2C56E4D6001C3978 /* Gilroy-Thin.ttf */ = {isa = PBXFileReference; lastKnownFileType = file; path = "Gilroy-Thin.ttf"; sourceTree = "<group>"; };
		12D17E9B2C56E4D6001C3978 /* Gilroy-Medium.ttf */ = {isa = PBXFileReference; lastKnownFileType = file; path = "Gilroy-Medium.ttf"; sourceTree = "<group>"; };
		12D17E9C2C56E4D6001C3978 /* Gilroy-UltraLightItalic.ttf */ = {isa = PBXFileReference; lastKnownFileType = file; path = "Gilroy-UltraLightItalic.ttf"; sourceTree = "<group>"; };
		12D17E9D2C56E4D6001C3978 /* Gilroy-Light.ttf */ = {isa = PBXFileReference; lastKnownFileType = file; path = "Gilroy-Light.ttf"; sourceTree = "<group>"; };
		12D17E9E2C56E4D6001C3978 /* Gilroy-ThinItalic.ttf */ = {isa = PBXFileReference; lastKnownFileType = file; path = "Gilroy-ThinItalic.ttf"; sourceTree = "<group>"; };
		12D17E9F2C56E4D6001C3978 /* Gilroy-RegularItalic.ttf */ = {isa = PBXFileReference; lastKnownFileType = file; path = "Gilroy-RegularItalic.ttf"; sourceTree = "<group>"; };
		12D17EA02C56E4D6001C3978 /* Gilroy-SemiBoldItalic.ttf */ = {isa = PBXFileReference; lastKnownFileType = file; path = "Gilroy-SemiBoldItalic.ttf"; sourceTree = "<group>"; };
		12D17EA12C56E4D6001C3978 /* Gilroy-UltraLight.ttf */ = {isa = PBXFileReference; lastKnownFileType = file; path = "Gilroy-UltraLight.ttf"; sourceTree = "<group>"; };
		12D17EA22C56E4D6001C3978 /* Gilroy-SemiBold.ttf */ = {isa = PBXFileReference; lastKnownFileType = file; path = "Gilroy-SemiBold.ttf"; sourceTree = "<group>"; };
		12D17EA32C56E4D6001C3978 /* Gilroy-Black.ttf */ = {isa = PBXFileReference; lastKnownFileType = file; path = "Gilroy-Black.ttf"; sourceTree = "<group>"; };
		12D17EA42C56E4D6001C3978 /* Gilroy-BoldItalic.ttf */ = {isa = PBXFileReference; lastKnownFileType = file; path = "Gilroy-BoldItalic.ttf"; sourceTree = "<group>"; };
		12D17EA52C56E4D6001C3978 /* Gilroy-BlackItalic.ttf */ = {isa = PBXFileReference; lastKnownFileType = file; path = "Gilroy-BlackItalic.ttf"; sourceTree = "<group>"; };
		12D17EA62C56E4D7001C3978 /* Gilroy-LightItalic.ttf */ = {isa = PBXFileReference; lastKnownFileType = file; path = "Gilroy-LightItalic.ttf"; sourceTree = "<group>"; };
		12D17EA72C56E4D7001C3978 /* Gilroy-Regular.ttf */ = {isa = PBXFileReference; lastKnownFileType = file; path = "Gilroy-Regular.ttf"; sourceTree = "<group>"; };
		12D17EA82C56E4D7001C3978 /* Gilroy-Heavy.ttf */ = {isa = PBXFileReference; lastKnownFileType = file; path = "Gilroy-Heavy.ttf"; sourceTree = "<group>"; };
		12D17EA92C56E4D7001C3978 /* Gilroy-MediumItalic.ttf */ = {isa = PBXFileReference; lastKnownFileType = file; path = "Gilroy-MediumItalic.ttf"; sourceTree = "<group>"; };
		12D17EAA2C56E4D7001C3978 /* Gilroy-ExtraBold.ttf */ = {isa = PBXFileReference; lastKnownFileType = file; path = "Gilroy-ExtraBold.ttf"; sourceTree = "<group>"; };
		12D17EAB2C56E4D7001C3978 /* Gilroy-Bold.ttf */ = {isa = PBXFileReference; lastKnownFileType = file; path = "Gilroy-Bold.ttf"; sourceTree = "<group>"; };
		12D17EC02C56E4EB001C3978 /* Info.plist */ = {isa = PBXFileReference; lastKnownFileType = text.plist; path = Info.plist; sourceTree = "<group>"; };
		12D17EC22C56E5A1001C3978 /* SearchField.swift */ = {isa = PBXFileReference; lastKnownFileType = sourcecode.swift; path = SearchField.swift; sourceTree = "<group>"; };
		12D17EC42C56E5F6001C3978 /* ExploreView.swift */ = {isa = PBXFileReference; lastKnownFileType = sourcecode.swift; path = ExploreView.swift; sourceTree = "<group>"; };
		12D17EC62C56E633001C3978 /* CategoryCell.swift */ = {isa = PBXFileReference; lastKnownFileType = sourcecode.swift; path = CategoryCell.swift; sourceTree = "<group>"; };
/* End PBXFileReference section */

/* Begin PBXFrameworksBuildPhase section */
		1272175E2C56D8360036D420 /* Frameworks */ = {
			isa = PBXFrameworksBuildPhase;
			buildActionMask = 2147483647;
			files = (
				1236C2EF2C57A05C00226525 /* FirebaseDatabase in Frameworks */,
				1236C2FD2C57A05C00226525 /* FirebaseFunctionsCombine-Community in Frameworks */,
				1236C2F52C57A05C00226525 /* FirebaseFirestore in Frameworks */,
				1236C2E12C57A05C00226525 /* FirebaseAnalyticsSwift in Frameworks */,
				1236C2DD2C57A05C00226525 /* FirebaseAnalytics in Frameworks */,
				1236C2DF2C57A05C00226525 /* FirebaseAnalyticsOnDeviceConversion in Frameworks */,
				1236C2F92C57A05C00226525 /* FirebaseFirestoreSwift in Frameworks */,
				1236C2E32C57A05C00226525 /* FirebaseAnalyticsWithoutAdIdSupport in Frameworks */,
				1236C2E92C57A05C00226525 /* FirebaseAuth in Frameworks */,
				1236C30D2C57A05C00226525 /* FirebaseRemoteConfigSwift in Frameworks */,
				1236C2ED2C57A05C00226525 /* FirebaseCrashlytics in Frameworks */,
				1236C2F12C57A05C00226525 /* FirebaseDatabaseSwift in Frameworks */,
				1236C3112C57A05C00226525 /* FirebaseStorageCombine-Community in Frameworks */,
				1236C30B2C57A05C00226525 /* FirebaseRemoteConfig in Frameworks */,
				1236C2FB2C57A05C00226525 /* FirebaseFunctions in Frameworks */,
				1236C3092C57A05C00226525 /* FirebasePerformance in Frameworks */,
				1236C2EB2C57A05C00226525 /* FirebaseAuthCombine-Community in Frameworks */,
				1236C30F2C57A05C00226525 /* FirebaseStorage in Frameworks */,
				1236C2F32C57A05C00226525 /* FirebaseDynamicLinks in Frameworks */,
				1236C2F72C57A05C00226525 /* FirebaseFirestoreCombine-Community in Frameworks */,
				1236C3032C57A05C00226525 /* FirebaseInstallations in Frameworks */,
			);
			runOnlyForDeploymentPostprocessing = 0;
		};
/* End PBXFrameworksBuildPhase section */

/* Begin PBXGroup section */
		1236C2CF2C578A3400226525 /* Models */ = {
			isa = PBXGroup;
			children = (
				1236C2D02C578A4400226525 /* GroceryProducts.swift */,
				12433ACE2C5DA3BB00E49ED4 /* CreditCard.swift */,
				12433AD02C5DA3FD00E49ED4 /* DeliveryAddress.swift */,
				12B1ABC22C5FE63500F3262D /* Order.swift */,
			);
			path = Models;
			sourceTree = "<group>";
		};
		1236C2DB2C57A04500226525 /* Frameworks */ = {
			isa = PBXGroup;
			children = (
			);
			name = Frameworks;
			sourceTree = "<group>";
		};
		1236C3182C57C2A500226525 /* Core */ = {
			isa = PBXGroup;
			children = (
				12433ACC2C5D74B300E49ED4 /* GroceryAuthManager.swift */,
				1236C3162C57A75000226525 /* GroceryDataManager.swift */,
				1236C3192C57D91100226525 /* FetchImageHelper.swift */,
				12A37D8F2C5E988100EAF1C3 /* PaymentModule.swift */,
			);
			path = Core;
			sourceTree = "<group>";
		};
		1236C3272C5846A800226525 /* Views */ = {
			isa = PBXGroup;
			children = (
				1250E8502C5BEC8200F23B64 /* CheckoutView.swift */,
				1250E8522C5C158C00F23B64 /* DeliveryAddressView.swift */,
				12D17EC42C56E5F6001C3978 /* ExploreView.swift */,
				127217642C56D8360036D420 /* GroceryApp.swift */,
				127217722C56D8470036D420 /* GroceryHomeView.swift */,
				127217742C56DC020036D420 /* GroceryProductDetailView.swift */,
				1236C3282C5846C700226525 /* GroceryCategoryDetailView.swift */,
				12B1E81C2C59392700E24323 /* GroceryCartView.swift */,
				1250E8542C5C2BCC00F23B64 /* PaymentCardView.swift */,
				1230D1852C5D1C79000D33B0 /* SplashView.swift */,
				1230D1872C5D33E4000D33B0 /* LoginView.swift */,
				1230D1912C5D5C80000D33B0 /* SignupView.swift */,
				12B1ABC42C5FE69800F3262D /* OrderHistoryView.swift */,
			);
			path = Views;
			sourceTree = "<group>";
		};
		127217582C56D8360036D420 = {
			isa = PBXGroup;
			children = (
				127217632C56D8360036D420 /* GroceryApp */,
				127217622C56D8360036D420 /* Products */,
				1236C2DB2C57A04500226525 /* Frameworks */,
			);
			sourceTree = "<group>";
		};
		127217622C56D8360036D420 /* Products */ = {
			isa = PBXGroup;
			children = (
				127217612C56D8360036D420 /* GroceryApp.app */,
			);
			name = Products;
			sourceTree = "<group>";
		};
		127217632C56D8360036D420 /* GroceryApp */ = {
			isa = PBXGroup;
			children = (
				12A37D912C5EEB3000EAF1C3 /* Extensions */,
				1236C3272C5846A800226525 /* Views */,
				12D17E972C56E4C2001C3978 /* Fonts */,
				1236C3182C57C2A500226525 /* Core */,
				1236C2CF2C578A3400226525 /* Models */,
				12D17EC12C56E590001C3978 /* Components */,
				127217682C56D8370036D420 /* Assets.xcassets */,
				12D17EC02C56E4EB001C3978 /* Info.plist */,
				1236C2D82C579E2A00226525 /* GoogleService-Info.plist */,
				1272176A2C56D8370036D420 /* Preview Content */,
			);
			path = GroceryApp;
			sourceTree = "<group>";
		};
		1272176A2C56D8370036D420 /* Preview Content */ = {
			isa = PBXGroup;
			children = (
				1272176B2C56D8370036D420 /* Preview Assets.xcassets */,
			);
			path = "Preview Content";
			sourceTree = "<group>";
		};
		12A37D912C5EEB3000EAF1C3 /* Extensions */ = {
			isa = PBXGroup;
			children = (
				12A37D922C5EEB4F00EAF1C3 /* Extension+String+Date.swift */,
			);
			path = Extensions;
			sourceTree = "<group>";
		};
		12D17E972C56E4C2001C3978 /* Fonts */ = {
			isa = PBXGroup;
			children = (
				12D17EA32C56E4D6001C3978 /* Gilroy-Black.ttf */,
				12D17EA52C56E4D6001C3978 /* Gilroy-BlackItalic.ttf */,
				12D17EAB2C56E4D7001C3978 /* Gilroy-Bold.ttf */,
				12D17EA42C56E4D6001C3978 /* Gilroy-BoldItalic.ttf */,
				12D17EAA2C56E4D7001C3978 /* Gilroy-ExtraBold.ttf */,
				12D17E982C56E4D6001C3978 /* Gilroy-ExtraBoldItalic.ttf */,
				12D17EA82C56E4D7001C3978 /* Gilroy-Heavy.ttf */,
				12D17E992C56E4D6001C3978 /* Gilroy-HeavyItalic.ttf */,
				12D17E9D2C56E4D6001C3978 /* Gilroy-Light.ttf */,
				12D17EA62C56E4D7001C3978 /* Gilroy-LightItalic.ttf */,
				12D17E9B2C56E4D6001C3978 /* Gilroy-Medium.ttf */,
				12D17EA92C56E4D7001C3978 /* Gilroy-MediumItalic.ttf */,
				12D17EA72C56E4D7001C3978 /* Gilroy-Regular.ttf */,
				12D17E9F2C56E4D6001C3978 /* Gilroy-RegularItalic.ttf */,
				12D17EA22C56E4D6001C3978 /* Gilroy-SemiBold.ttf */,
				12D17EA02C56E4D6001C3978 /* Gilroy-SemiBoldItalic.ttf */,
				12D17E9A2C56E4D6001C3978 /* Gilroy-Thin.ttf */,
				12D17E9E2C56E4D6001C3978 /* Gilroy-ThinItalic.ttf */,
				12D17EA12C56E4D6001C3978 /* Gilroy-UltraLight.ttf */,
				12D17E9C2C56E4D6001C3978 /* Gilroy-UltraLightItalic.ttf */,
			);
			path = Fonts;
			sourceTree = "<group>";
		};
		12D17EC12C56E590001C3978 /* Components */ = {
			isa = PBXGroup;
			children = (
				12D17EC22C56E5A1001C3978 /* SearchField.swift */,
				12D17EC62C56E633001C3978 /* CategoryCell.swift */,
				1236C2CD2C5789FA00226525 /* SectionHeaderView.swift */,
				1236C2D22C578A6500226525 /* CarouselView.swift */,
				1236C2D42C578F2600226525 /* ProductCardView.swift */,
				1236C3232C58011E00226525 /* CustomTabView.swift */,
				12B1E8102C58D4B900E24323 /* CartItemView.swift */,
				12B1E8122C58F3CC00E24323 /* ItemCounter.swift */,
				12B1E81E2C59994500E24323 /* EmptyCardView.swift */,
				129797252C5AAB9F0061EC92 /* CustomBackButton.swift */,
				1230D1892C5D3E05000D33B0 /* GroceryButton.swift */,
				12B1ABB82C5F93B000F3262D /* OTPInputView.swift */,
				12B1ABBA2C5FB05600F3262D /* OrderAcceptedView.swift */,
			);
			path = Components;
			sourceTree = "<group>";
		};
/* End PBXGroup section */

/* Begin PBXNativeTarget section */
		127217602C56D8360036D420 /* GroceryApp */ = {
			isa = PBXNativeTarget;
			buildConfigurationList = 1272176F2C56D8370036D420 /* Build configuration list for PBXNativeTarget "GroceryApp" */;
			buildPhases = (
				1272175D2C56D8360036D420 /* Sources */,
				1272175E2C56D8360036D420 /* Frameworks */,
				1272175F2C56D8360036D420 /* Resources */,
			);
			buildRules = (
			);
			dependencies = (
			);
			name = GroceryApp;
			packageProductDependencies = (
				1236C2DC2C57A05C00226525 /* FirebaseAnalytics */,
				1236C2DE2C57A05C00226525 /* FirebaseAnalyticsOnDeviceConversion */,
				1236C2E02C57A05C00226525 /* FirebaseAnalyticsSwift */,
				1236C2E22C57A05C00226525 /* FirebaseAnalyticsWithoutAdIdSupport */,
				1236C2E82C57A05C00226525 /* FirebaseAuth */,
				1236C2EA2C57A05C00226525 /* FirebaseAuthCombine-Community */,
				1236C2EC2C57A05C00226525 /* FirebaseCrashlytics */,
				1236C2EE2C57A05C00226525 /* FirebaseDatabase */,
				1236C2F02C57A05C00226525 /* FirebaseDatabaseSwift */,
				1236C2F22C57A05C00226525 /* FirebaseDynamicLinks */,
				1236C2F42C57A05C00226525 /* FirebaseFirestore */,
				1236C2F62C57A05C00226525 /* FirebaseFirestoreCombine-Community */,
				1236C2F82C57A05C00226525 /* FirebaseFirestoreSwift */,
				1236C2FA2C57A05C00226525 /* FirebaseFunctions */,
				1236C2FC2C57A05C00226525 /* FirebaseFunctionsCombine-Community */,
				1236C3022C57A05C00226525 /* FirebaseInstallations */,
				1236C3082C57A05C00226525 /* FirebasePerformance */,
				1236C30A2C57A05C00226525 /* FirebaseRemoteConfig */,
				1236C30C2C57A05C00226525 /* FirebaseRemoteConfigSwift */,
				1236C30E2C57A05C00226525 /* FirebaseStorage */,
				1236C3102C57A05C00226525 /* FirebaseStorageCombine-Community */,
			);
			productName = GroceryApp;
			productReference = 127217612C56D8360036D420 /* GroceryApp.app */;
			productType = "com.apple.product-type.application";
		};
/* End PBXNativeTarget section */

/* Begin PBXProject section */
		127217592C56D8360036D420 /* Project object */ = {
			isa = PBXProject;
			attributes = {
				BuildIndependentTargetsInParallel = 1;
				LastSwiftUpdateCheck = 1540;
				LastUpgradeCheck = 1540;
				TargetAttributes = {
					127217602C56D8360036D420 = {
						CreatedOnToolsVersion = 15.4;
					};
				};
			};
			buildConfigurationList = 1272175C2C56D8360036D420 /* Build configuration list for PBXProject "GroceryApp" */;
			compatibilityVersion = "Xcode 14.0";
			developmentRegion = en;
			hasScannedForEncodings = 0;
			knownRegions = (
				en,
				Base,
			);
			mainGroup = 127217582C56D8360036D420;
			packageReferences = (
				1236C2DA2C579E9600226525 /* XCRemoteSwiftPackageReference "firebase-ios-sdk" */,
			);
			productRefGroup = 127217622C56D8360036D420 /* Products */;
			projectDirPath = "";
			projectRoot = "";
			targets = (
				127217602C56D8360036D420 /* GroceryApp */,
			);
		};
/* End PBXProject section */

/* Begin PBXResourcesBuildPhase section */
		1272175F2C56D8360036D420 /* Resources */ = {
			isa = PBXResourcesBuildPhase;
			buildActionMask = 2147483647;
			files = (
				12D17EAD2C56E4D7001C3978 /* Gilroy-HeavyItalic.ttf in Resources */,
				12D17EBB2C56E4D7001C3978 /* Gilroy-Regular.ttf in Resources */,
				12D17EBC2C56E4D7001C3978 /* Gilroy-Heavy.ttf in Resources */,
				12D17EBF2C56E4D7001C3978 /* Gilroy-Bold.ttf in Resources */,
				12D17EBE2C56E4D7001C3978 /* Gilroy-ExtraBold.ttf in Resources */,
				12D17EAF2C56E4D7001C3978 /* Gilroy-Medium.ttf in Resources */,
				1272176C2C56D8370036D420 /* Preview Assets.xcassets in Resources */,
				12D17EBD2C56E4D7001C3978 /* Gilroy-MediumItalic.ttf in Resources */,
				12D17EB32C56E4D7001C3978 /* Gilroy-RegularItalic.ttf in Resources */,
				12D17EB02C56E4D7001C3978 /* Gilroy-UltraLightItalic.ttf in Resources */,
				12D17EB42C56E4D7001C3978 /* Gilroy-SemiBoldItalic.ttf in Resources */,
				127217692C56D8370036D420 /* Assets.xcassets in Resources */,
				12D17EBA2C56E4D7001C3978 /* Gilroy-LightItalic.ttf in Resources */,
				12D17EB22C56E4D7001C3978 /* Gilroy-ThinItalic.ttf in Resources */,
				12D17EB92C56E4D7001C3978 /* Gilroy-BlackItalic.ttf in Resources */,
				12D17EB82C56E4D7001C3978 /* Gilroy-BoldItalic.ttf in Resources */,
				12D17EB52C56E4D7001C3978 /* Gilroy-UltraLight.ttf in Resources */,
				12D17EAE2C56E4D7001C3978 /* Gilroy-Thin.ttf in Resources */,
				12D17EB62C56E4D7001C3978 /* Gilroy-SemiBold.ttf in Resources */,
				1236C2D92C579E2A00226525 /* GoogleService-Info.plist in Resources */,
				12D17EAC2C56E4D7001C3978 /* Gilroy-ExtraBoldItalic.ttf in Resources */,
				12D17EB72C56E4D7001C3978 /* Gilroy-Black.ttf in Resources */,
				12D17EB12C56E4D7001C3978 /* Gilroy-Light.ttf in Resources */,
			);
			runOnlyForDeploymentPostprocessing = 0;
		};
/* End PBXResourcesBuildPhase section */

/* Begin PBXSourcesBuildPhase section */
		1272175D2C56D8360036D420 /* Sources */ = {
			isa = PBXSourcesBuildPhase;
			buildActionMask = 2147483647;
			files = (
				1236C2D32C578A6500226525 /* CarouselView.swift in Sources */,
				127217652C56D8360036D420 /* GroceryApp.swift in Sources */,
				127217752C56DC020036D420 /* GroceryProductDetailView.swift in Sources */,
				12B1E81D2C59392700E24323 /* GroceryCartView.swift in Sources */,
				12B1E8112C58D4B900E24323 /* CartItemView.swift in Sources */,
				12433ACF2C5DA3BB00E49ED4 /* CreditCard.swift in Sources */,
				12B1ABC32C5FE63500F3262D /* Order.swift in Sources */,
				1236C3242C58011E00226525 /* CustomTabView.swift in Sources */,
				1236C2CE2C5789FA00226525 /* SectionHeaderView.swift in Sources */,
				1250E8532C5C158C00F23B64 /* DeliveryAddressView.swift in Sources */,
				1236C3292C5846C700226525 /* GroceryCategoryDetailView.swift in Sources */,
				1230D1882C5D33E4000D33B0 /* LoginView.swift in Sources */,
				12B1ABB92C5F93B000F3262D /* OTPInputView.swift in Sources */,
				1230D18A2C5D3E05000D33B0 /* GroceryButton.swift in Sources */,
				12D17EC32C56E5A1001C3978 /* SearchField.swift in Sources */,
				1236C3172C57A75000226525 /* GroceryDataManager.swift in Sources */,
				12B1E81F2C59994500E24323 /* EmptyCardView.swift in Sources */,
				12433ACD2C5D74B300E49ED4 /* GroceryAuthManager.swift in Sources */,
				1250E8512C5BEC8200F23B64 /* CheckoutView.swift in Sources */,
				12A37D902C5E988100EAF1C3 /* PaymentModule.swift in Sources */,
				127217732C56D8470036D420 /* GroceryHomeView.swift in Sources */,
				1236C2D12C578A4400226525 /* GroceryProducts.swift in Sources */,
				12B1ABC52C5FE69800F3262D /* OrderHistoryView.swift in Sources */,
				12B1E8132C58F3CC00E24323 /* ItemCounter.swift in Sources */,
				1250E8552C5C2BCC00F23B64 /* PaymentCardView.swift in Sources */,
				1236C31A2C57D91100226525 /* FetchImageHelper.swift in Sources */,
				12433AD12C5DA3FD00E49ED4 /* DeliveryAddress.swift in Sources */,
				1230D1862C5D1C79000D33B0 /* SplashView.swift in Sources */,
				1230D1922C5D5C80000D33B0 /* SignupView.swift in Sources */,
				12D17EC52C56E5F6001C3978 /* ExploreView.swift in Sources */,
				129797262C5AAB9F0061EC92 /* CustomBackButton.swift in Sources */,
				1236C2D52C578F2600226525 /* ProductCardView.swift in Sources */,
				12B1ABBB2C5FB05600F3262D /* OrderAcceptedView.swift in Sources */,
				12D17EC72C56E633001C3978 /* CategoryCell.swift in Sources */,
				12A37D932C5EEB4F00EAF1C3 /* Extension+String+Date.swift in Sources */,
			);
			runOnlyForDeploymentPostprocessing = 0;
		};
/* End PBXSourcesBuildPhase section */

/* Begin XCBuildConfiguration section */
		1272176D2C56D8370036D420 /* Debug */ = {
			isa = XCBuildConfiguration;
			buildSettings = {
				ALWAYS_SEARCH_USER_PATHS = NO;
				ASSETCATALOG_COMPILER_GENERATE_SWIFT_ASSET_SYMBOL_EXTENSIONS = YES;
				CLANG_ANALYZER_NONNULL = YES;
				CLANG_ANALYZER_NUMBER_OBJECT_CONVERSION = YES_AGGRESSIVE;
				CLANG_CXX_LANGUAGE_STANDARD = "gnu++20";
				CLANG_ENABLE_MODULES = YES;
				CLANG_ENABLE_OBJC_ARC = YES;
				CLANG_ENABLE_OBJC_WEAK = YES;
				CLANG_WARN_BLOCK_CAPTURE_AUTORELEASING = YES;
				CLANG_WARN_BOOL_CONVERSION = YES;
				CLANG_WARN_COMMA = YES;
				CLANG_WARN_CONSTANT_CONVERSION = YES;
				CLANG_WARN_DEPRECATED_OBJC_IMPLEMENTATIONS = YES;
				CLANG_WARN_DIRECT_OBJC_ISA_USAGE = YES_ERROR;
				CLANG_WARN_DOCUMENTATION_COMMENTS = YES;
				CLANG_WARN_EMPTY_BODY = YES;
				CLANG_WARN_ENUM_CONVERSION = YES;
				CLANG_WARN_INFINITE_RECURSION = YES;
				CLANG_WARN_INT_CONVERSION = YES;
				CLANG_WARN_NON_LITERAL_NULL_CONVERSION = YES;
				CLANG_WARN_OBJC_IMPLICIT_RETAIN_SELF = YES;
				CLANG_WARN_OBJC_LITERAL_CONVERSION = YES;
				CLANG_WARN_OBJC_ROOT_CLASS = YES_ERROR;
				CLANG_WARN_QUOTED_INCLUDE_IN_FRAMEWORK_HEADER = YES;
				CLANG_WARN_RANGE_LOOP_ANALYSIS = YES;
				CLANG_WARN_STRICT_PROTOTYPES = YES;
				CLANG_WARN_SUSPICIOUS_MOVE = YES;
				CLANG_WARN_UNGUARDED_AVAILABILITY = YES_AGGRESSIVE;
				CLANG_WARN_UNREACHABLE_CODE = YES;
				CLANG_WARN__DUPLICATE_METHOD_MATCH = YES;
				COPY_PHASE_STRIP = NO;
				DEBUG_INFORMATION_FORMAT = dwarf;
				ENABLE_STRICT_OBJC_MSGSEND = YES;
				ENABLE_TESTABILITY = YES;
				ENABLE_USER_SCRIPT_SANDBOXING = YES;
				GCC_C_LANGUAGE_STANDARD = gnu17;
				GCC_DYNAMIC_NO_PIC = NO;
				GCC_NO_COMMON_BLOCKS = YES;
				GCC_OPTIMIZATION_LEVEL = 0;
				GCC_PREPROCESSOR_DEFINITIONS = (
					"DEBUG=1",
					"$(inherited)",
				);
				GCC_WARN_64_TO_32_BIT_CONVERSION = YES;
				GCC_WARN_ABOUT_RETURN_TYPE = YES_ERROR;
				GCC_WARN_UNDECLARED_SELECTOR = YES;
				GCC_WARN_UNINITIALIZED_AUTOS = YES_AGGRESSIVE;
				GCC_WARN_UNUSED_FUNCTION = YES;
				GCC_WARN_UNUSED_VARIABLE = YES;
				IPHONEOS_DEPLOYMENT_TARGET = 17.5;
				LOCALIZATION_PREFERS_STRING_CATALOGS = YES;
				MTL_ENABLE_DEBUG_INFO = INCLUDE_SOURCE;
				MTL_FAST_MATH = YES;
				ONLY_ACTIVE_ARCH = YES;
				SDKROOT = iphoneos;
				SWIFT_ACTIVE_COMPILATION_CONDITIONS = "DEBUG $(inherited)";
				SWIFT_OPTIMIZATION_LEVEL = "-Onone";
			};
			name = Debug;
		};
		1272176E2C56D8370036D420 /* Release */ = {
			isa = XCBuildConfiguration;
			buildSettings = {
				ALWAYS_SEARCH_USER_PATHS = NO;
				ASSETCATALOG_COMPILER_GENERATE_SWIFT_ASSET_SYMBOL_EXTENSIONS = YES;
				CLANG_ANALYZER_NONNULL = YES;
				CLANG_ANALYZER_NUMBER_OBJECT_CONVERSION = YES_AGGRESSIVE;
				CLANG_CXX_LANGUAGE_STANDARD = "gnu++20";
				CLANG_ENABLE_MODULES = YES;
				CLANG_ENABLE_OBJC_ARC = YES;
				CLANG_ENABLE_OBJC_WEAK = YES;
				CLANG_WARN_BLOCK_CAPTURE_AUTORELEASING = YES;
				CLANG_WARN_BOOL_CONVERSION = YES;
				CLANG_WARN_COMMA = YES;
				CLANG_WARN_CONSTANT_CONVERSION = YES;
				CLANG_WARN_DEPRECATED_OBJC_IMPLEMENTATIONS = YES;
				CLANG_WARN_DIRECT_OBJC_ISA_USAGE = YES_ERROR;
				CLANG_WARN_DOCUMENTATION_COMMENTS = YES;
				CLANG_WARN_EMPTY_BODY = YES;
				CLANG_WARN_ENUM_CONVERSION = YES;
				CLANG_WARN_INFINITE_RECURSION = YES;
				CLANG_WARN_INT_CONVERSION = YES;
				CLANG_WARN_NON_LITERAL_NULL_CONVERSION = YES;
				CLANG_WARN_OBJC_IMPLICIT_RETAIN_SELF = YES;
				CLANG_WARN_OBJC_LITERAL_CONVERSION = YES;
				CLANG_WARN_OBJC_ROOT_CLASS = YES_ERROR;
				CLANG_WARN_QUOTED_INCLUDE_IN_FRAMEWORK_HEADER = YES;
				CLANG_WARN_RANGE_LOOP_ANALYSIS = YES;
				CLANG_WARN_STRICT_PROTOTYPES = YES;
				CLANG_WARN_SUSPICIOUS_MOVE = YES;
				CLANG_WARN_UNGUARDED_AVAILABILITY = YES_AGGRESSIVE;
				CLANG_WARN_UNREACHABLE_CODE = YES;
				CLANG_WARN__DUPLICATE_METHOD_MATCH = YES;
				COPY_PHASE_STRIP = NO;
				DEBUG_INFORMATION_FORMAT = "dwarf-with-dsym";
				ENABLE_NS_ASSERTIONS = NO;
				ENABLE_STRICT_OBJC_MSGSEND = YES;
				ENABLE_USER_SCRIPT_SANDBOXING = YES;
				GCC_C_LANGUAGE_STANDARD = gnu17;
				GCC_NO_COMMON_BLOCKS = YES;
				GCC_WARN_64_TO_32_BIT_CONVERSION = YES;
				GCC_WARN_ABOUT_RETURN_TYPE = YES_ERROR;
				GCC_WARN_UNDECLARED_SELECTOR = YES;
				GCC_WARN_UNINITIALIZED_AUTOS = YES_AGGRESSIVE;
				GCC_WARN_UNUSED_FUNCTION = YES;
				GCC_WARN_UNUSED_VARIABLE = YES;
				IPHONEOS_DEPLOYMENT_TARGET = 17.5;
				LOCALIZATION_PREFERS_STRING_CATALOGS = YES;
				MTL_ENABLE_DEBUG_INFO = NO;
				MTL_FAST_MATH = YES;
				SDKROOT = iphoneos;
				SWIFT_COMPILATION_MODE = wholemodule;
				VALIDATE_PRODUCT = YES;
			};
			name = Release;
		};
		127217702C56D8370036D420 /* Debug */ = {
			isa = XCBuildConfiguration;
			buildSettings = {
				ASSETCATALOG_COMPILER_APPICON_NAME = AppIcon;
				ASSETCATALOG_COMPILER_GLOBAL_ACCENT_COLOR_NAME = AccentColor;
				CODE_SIGN_STYLE = Automatic;
				CURRENT_PROJECT_VERSION = 1;
				DEVELOPMENT_ASSET_PATHS = "\"GroceryApp/Preview Content\"";
				DEVELOPMENT_TEAM = K97JL7U478;
				ENABLE_PREVIEWS = YES;
				GENERATE_INFOPLIST_FILE = YES;
				INFOPLIST_FILE = GroceryApp/Info.plist;
				INFOPLIST_KEY_UIApplicationSceneManifest_Generation = YES;
				INFOPLIST_KEY_UIApplicationSupportsIndirectInputEvents = YES;
				INFOPLIST_KEY_UILaunchScreen_Generation = YES;
				INFOPLIST_KEY_UISupportedInterfaceOrientations_iPad = "UIInterfaceOrientationPortrait UIInterfaceOrientationPortraitUpsideDown UIInterfaceOrientationLandscapeLeft UIInterfaceOrientationLandscapeRight";
				INFOPLIST_KEY_UISupportedInterfaceOrientations_iPhone = "UIInterfaceOrientationPortrait UIInterfaceOrientationLandscapeLeft UIInterfaceOrientationLandscapeRight";
				LD_RUNPATH_SEARCH_PATHS = (
					"$(inherited)",
					"@executable_path/Frameworks",
				);
				MARKETING_VERSION = 1.0;
				OTHER_LDFLAGS = "-ObjC";
				PRODUCT_BUNDLE_IDENTIFIER = oguzhanbolat.GroceryApp;
				PRODUCT_NAME = "$(TARGET_NAME)";
				SWIFT_EMIT_LOC_STRINGS = YES;
				SWIFT_VERSION = 5.0;
				TARGETED_DEVICE_FAMILY = "1,2";
			};
			name = Debug;
		};
		127217712C56D8370036D420 /* Release */ = {
			isa = XCBuildConfiguration;
			buildSettings = {
				ASSETCATALOG_COMPILER_APPICON_NAME = AppIcon;
				ASSETCATALOG_COMPILER_GLOBAL_ACCENT_COLOR_NAME = AccentColor;
				CODE_SIGN_STYLE = Automatic;
				CURRENT_PROJECT_VERSION = 1;
				DEVELOPMENT_ASSET_PATHS = "\"GroceryApp/Preview Content\"";
				DEVELOPMENT_TEAM = K97JL7U478;
				ENABLE_PREVIEWS = YES;
				GENERATE_INFOPLIST_FILE = YES;
				INFOPLIST_FILE = GroceryApp/Info.plist;
				INFOPLIST_KEY_UIApplicationSceneManifest_Generation = YES;
				INFOPLIST_KEY_UIApplicationSupportsIndirectInputEvents = YES;
				INFOPLIST_KEY_UILaunchScreen_Generation = YES;
				INFOPLIST_KEY_UISupportedInterfaceOrientations_iPad = "UIInterfaceOrientationPortrait UIInterfaceOrientationPortraitUpsideDown UIInterfaceOrientationLandscapeLeft UIInterfaceOrientationLandscapeRight";
				INFOPLIST_KEY_UISupportedInterfaceOrientations_iPhone = "UIInterfaceOrientationPortrait UIInterfaceOrientationLandscapeLeft UIInterfaceOrientationLandscapeRight";
				LD_RUNPATH_SEARCH_PATHS = (
					"$(inherited)",
					"@executable_path/Frameworks",
				);
				MARKETING_VERSION = 1.0;
				OTHER_LDFLAGS = "-ObjC";
				PRODUCT_BUNDLE_IDENTIFIER = oguzhanbolat.GroceryApp;
				PRODUCT_NAME = "$(TARGET_NAME)";
				SWIFT_EMIT_LOC_STRINGS = YES;
				SWIFT_VERSION = 5.0;
				TARGETED_DEVICE_FAMILY = "1,2";
			};
			name = Release;
		};
/* End XCBuildConfiguration section */

/* Begin XCConfigurationList section */
		1272175C2C56D8360036D420 /* Build configuration list for PBXProject "GroceryApp" */ = {
			isa = XCConfigurationList;
			buildConfigurations = (
				1272176D2C56D8370036D420 /* Debug */,
				1272176E2C56D8370036D420 /* Release */,
			);
			defaultConfigurationIsVisible = 0;
			defaultConfigurationName = Release;
		};
		1272176F2C56D8370036D420 /* Build configuration list for PBXNativeTarget "GroceryApp" */ = {
			isa = XCConfigurationList;
			buildConfigurations = (
				127217702C56D8370036D420 /* Debug */,
				127217712C56D8370036D420 /* Release */,
			);
			defaultConfigurationIsVisible = 0;
			defaultConfigurationName = Release;
		};
/* End XCConfigurationList section */

/* Begin XCRemoteSwiftPackageReference section */
		1236C2DA2C579E9600226525 /* XCRemoteSwiftPackageReference "firebase-ios-sdk" */ = {
			isa = XCRemoteSwiftPackageReference;
			repositoryURL = "https://github.com/firebase/firebase-ios-sdk";
			requirement = {
				kind = upToNextMajorVersion;
				minimumVersion = 10.29.0;
			};
		};
/* End XCRemoteSwiftPackageReference section */

/* Begin XCSwiftPackageProductDependency section */
		1236C2DC2C57A05C00226525 /* FirebaseAnalytics */ = {
			isa = XCSwiftPackageProductDependency;
			package = 1236C2DA2C579E9600226525 /* XCRemoteSwiftPackageReference "firebase-ios-sdk" */;
			productName = FirebaseAnalytics;
		};
		1236C2DE2C57A05C00226525 /* FirebaseAnalyticsOnDeviceConversion */ = {
			isa = XCSwiftPackageProductDependency;
			package = 1236C2DA2C579E9600226525 /* XCRemoteSwiftPackageReference "firebase-ios-sdk" */;
			productName = FirebaseAnalyticsOnDeviceConversion;
		};
		1236C2E02C57A05C00226525 /* FirebaseAnalyticsSwift */ = {
			isa = XCSwiftPackageProductDependency;
			package = 1236C2DA2C579E9600226525 /* XCRemoteSwiftPackageReference "firebase-ios-sdk" */;
			productName = FirebaseAnalyticsSwift;
		};
		1236C2E22C57A05C00226525 /* FirebaseAnalyticsWithoutAdIdSupport */ = {
			isa = XCSwiftPackageProductDependency;
			package = 1236C2DA2C579E9600226525 /* XCRemoteSwiftPackageReference "firebase-ios-sdk" */;
			productName = FirebaseAnalyticsWithoutAdIdSupport;
		};
		1236C2E82C57A05C00226525 /* FirebaseAuth */ = {
			isa = XCSwiftPackageProductDependency;
			package = 1236C2DA2C579E9600226525 /* XCRemoteSwiftPackageReference "firebase-ios-sdk" */;
			productName = FirebaseAuth;
		};
		1236C2EA2C57A05C00226525 /* FirebaseAuthCombine-Community */ = {
			isa = XCSwiftPackageProductDependency;
			package = 1236C2DA2C579E9600226525 /* XCRemoteSwiftPackageReference "firebase-ios-sdk" */;
			productName = "FirebaseAuthCombine-Community";
		};
		1236C2EC2C57A05C00226525 /* FirebaseCrashlytics */ = {
			isa = XCSwiftPackageProductDependency;
			package = 1236C2DA2C579E9600226525 /* XCRemoteSwiftPackageReference "firebase-ios-sdk" */;
			productName = FirebaseCrashlytics;
		};
		1236C2EE2C57A05C00226525 /* FirebaseDatabase */ = {
			isa = XCSwiftPackageProductDependency;
			package = 1236C2DA2C579E9600226525 /* XCRemoteSwiftPackageReference "firebase-ios-sdk" */;
			productName = FirebaseDatabase;
		};
		1236C2F02C57A05C00226525 /* FirebaseDatabaseSwift */ = {
			isa = XCSwiftPackageProductDependency;
			package = 1236C2DA2C579E9600226525 /* XCRemoteSwiftPackageReference "firebase-ios-sdk" */;
			productName = FirebaseDatabaseSwift;
		};
		1236C2F22C57A05C00226525 /* FirebaseDynamicLinks */ = {
			isa = XCSwiftPackageProductDependency;
			package = 1236C2DA2C579E9600226525 /* XCRemoteSwiftPackageReference "firebase-ios-sdk" */;
			productName = FirebaseDynamicLinks;
		};
		1236C2F42C57A05C00226525 /* FirebaseFirestore */ = {
			isa = XCSwiftPackageProductDependency;
			package = 1236C2DA2C579E9600226525 /* XCRemoteSwiftPackageReference "firebase-ios-sdk" */;
			productName = FirebaseFirestore;
		};
		1236C2F62C57A05C00226525 /* FirebaseFirestoreCombine-Community */ = {
			isa = XCSwiftPackageProductDependency;
			package = 1236C2DA2C579E9600226525 /* XCRemoteSwiftPackageReference "firebase-ios-sdk" */;
			productName = "FirebaseFirestoreCombine-Community";
		};
		1236C2F82C57A05C00226525 /* FirebaseFirestoreSwift */ = {
			isa = XCSwiftPackageProductDependency;
			package = 1236C2DA2C579E9600226525 /* XCRemoteSwiftPackageReference "firebase-ios-sdk" */;
			productName = FirebaseFirestoreSwift;
		};
		1236C2FA2C57A05C00226525 /* FirebaseFunctions */ = {
			isa = XCSwiftPackageProductDependency;
			package = 1236C2DA2C579E9600226525 /* XCRemoteSwiftPackageReference "firebase-ios-sdk" */;
			productName = FirebaseFunctions;
		};
		1236C2FC2C57A05C00226525 /* FirebaseFunctionsCombine-Community */ = {
			isa = XCSwiftPackageProductDependency;
			package = 1236C2DA2C579E9600226525 /* XCRemoteSwiftPackageReference "firebase-ios-sdk" */;
			productName = "FirebaseFunctionsCombine-Community";
		};
		1236C3022C57A05C00226525 /* FirebaseInstallations */ = {
			isa = XCSwiftPackageProductDependency;
			package = 1236C2DA2C579E9600226525 /* XCRemoteSwiftPackageReference "firebase-ios-sdk" */;
			productName = FirebaseInstallations;
		};
		1236C3082C57A05C00226525 /* FirebasePerformance */ = {
			isa = XCSwiftPackageProductDependency;
			package = 1236C2DA2C579E9600226525 /* XCRemoteSwiftPackageReference "firebase-ios-sdk" */;
			productName = FirebasePerformance;
		};
		1236C30A2C57A05C00226525 /* FirebaseRemoteConfig */ = {
			isa = XCSwiftPackageProductDependency;
			package = 1236C2DA2C579E9600226525 /* XCRemoteSwiftPackageReference "firebase-ios-sdk" */;
			productName = FirebaseRemoteConfig;
		};
		1236C30C2C57A05C00226525 /* FirebaseRemoteConfigSwift */ = {
			isa = XCSwiftPackageProductDependency;
			package = 1236C2DA2C579E9600226525 /* XCRemoteSwiftPackageReference "firebase-ios-sdk" */;
			productName = FirebaseRemoteConfigSwift;
		};
		1236C30E2C57A05C00226525 /* FirebaseStorage */ = {
			isa = XCSwiftPackageProductDependency;
			package = 1236C2DA2C579E9600226525 /* XCRemoteSwiftPackageReference "firebase-ios-sdk" */;
			productName = FirebaseStorage;
		};
		1236C3102C57A05C00226525 /* FirebaseStorageCombine-Community */ = {
			isa = XCSwiftPackageProductDependency;
			package = 1236C2DA2C579E9600226525 /* XCRemoteSwiftPackageReference "firebase-ios-sdk" */;
			productName = "FirebaseStorageCombine-Community";
		};
/* End XCSwiftPackageProductDependency section */
	};
	rootObject = 127217592C56D8360036D420 /* Project object */;
}
